// !$*UTF8*$!
{
	archiveVersion = 1;
	classes = {
	};
	objectVersion = 56;
	objects = {

/* Begin PBXBuildFile section */
		903771892AA2A5590003AF55 /* AppInfoSummaryView.swift in Sources */ = {isa = PBXBuildFile; fileRef = 903771882AA2A5590003AF55 /* AppInfoSummaryView.swift */; };
		904DACFB2A932A9C007BCC56 /* Encodable.swift in Sources */ = {isa = PBXBuildFile; fileRef = 904DACFA2A932A9C007BCC56 /* Encodable.swift */; };
		904DACFD2A932B3A007BCC56 /* Dictionary.swift in Sources */ = {isa = PBXBuildFile; fileRef = 904DACFC2A932B3A007BCC56 /* Dictionary.swift */; };
		904DAD022A933023007BCC56 /* RecentKeywordStorage.swift in Sources */ = {isa = PBXBuildFile; fileRef = 904DAD012A933023007BCC56 /* RecentKeywordStorage.swift */; };
		904DAD042A933045007BCC56 /* Array.swift in Sources */ = {isa = PBXBuildFile; fileRef = 904DAD032A933045007BCC56 /* Array.swift */; };
		904DAD072A9330D8007BCC56 /* AppSearchDataSource.swift in Sources */ = {isa = PBXBuildFile; fileRef = 904DAD062A9330D8007BCC56 /* AppSearchDataSource.swift */; };
		904DAD092A9330F2007BCC56 /* AppSearchResponseDTO.swift in Sources */ = {isa = PBXBuildFile; fileRef = 904DAD082A9330F2007BCC56 /* AppSearchResponseDTO.swift */; };
		904DAD0B2A93310B007BCC56 /* AppSearchItemResponseDTO.swift in Sources */ = {isa = PBXBuildFile; fileRef = 904DAD0A2A93310B007BCC56 /* AppSearchItemResponseDTO.swift */; };
		904DAD0D2A93311F007BCC56 /* AppSearchItemEntity.swift in Sources */ = {isa = PBXBuildFile; fileRef = 904DAD0C2A93311F007BCC56 /* AppSearchItemEntity.swift */; };
		904DAD0F2A93313C007BCC56 /* AppLanguageCodeEntity.swift in Sources */ = {isa = PBXBuildFile; fileRef = 904DAD0E2A93313C007BCC56 /* AppLanguageCodeEntity.swift */; };
		904DAD112A933171007BCC56 /* UIDevice.swift in Sources */ = {isa = PBXBuildFile; fileRef = 904DAD102A933171007BCC56 /* UIDevice.swift */; };
		904DAD132A93317A007BCC56 /* Int.swift in Sources */ = {isa = PBXBuildFile; fileRef = 904DAD122A93317A007BCC56 /* Int.swift */; };
		904DAD152A93318A007BCC56 /* Double.swift in Sources */ = {isa = PBXBuildFile; fileRef = 904DAD142A93318A007BCC56 /* Double.swift */; };
		904DAD172A933195007BCC56 /* String.swift in Sources */ = {isa = PBXBuildFile; fileRef = 904DAD162A933195007BCC56 /* String.swift */; };
		904DAD192A9331B0007BCC56 /* UIApplication.swift in Sources */ = {isa = PBXBuildFile; fileRef = 904DAD182A9331B0007BCC56 /* UIApplication.swift */; };
		904DAD1C2A933228007BCC56 /* AppSearchRequestDTO.swift in Sources */ = {isa = PBXBuildFile; fileRef = 904DAD1B2A933228007BCC56 /* AppSearchRequestDTO.swift */; };
		904DAD1E2A933660007BCC56 /* AppSearchAPIEndpoint.swift in Sources */ = {isa = PBXBuildFile; fileRef = 904DAD1D2A933660007BCC56 /* AppSearchAPIEndpoint.swift */; };
		904DAD202A933A51007BCC56 /* AppSearchEntity.swift in Sources */ = {isa = PBXBuildFile; fileRef = 904DAD1F2A933A51007BCC56 /* AppSearchEntity.swift */; };
		904DAD222A934887007BCC56 /* RecentKeywordRepository.swift in Sources */ = {isa = PBXBuildFile; fileRef = 904DAD212A934887007BCC56 /* RecentKeywordRepository.swift */; };
		904DAD242A93489E007BCC56 /* RecentKeywordRepositoryInterface.swift in Sources */ = {isa = PBXBuildFile; fileRef = 904DAD232A93489E007BCC56 /* RecentKeywordRepositoryInterface.swift */; };
		904DAD272A9349FC007BCC56 /* AppSearchUseCase.swift in Sources */ = {isa = PBXBuildFile; fileRef = 904DAD262A9349FC007BCC56 /* AppSearchUseCase.swift */; };
		904DAD292A934A3C007BCC56 /* AppSearchError.swift in Sources */ = {isa = PBXBuildFile; fileRef = 904DAD282A934A3C007BCC56 /* AppSearchError.swift */; };
		904DAD2B2A945300007BCC56 /* AppSearchViewModel.swift in Sources */ = {isa = PBXBuildFile; fileRef = 904DAD2A2A945300007BCC56 /* AppSearchViewModel.swift */; };
		904DAD2F2A945330007BCC56 /* AppSearchModelMapper.swift in Sources */ = {isa = PBXBuildFile; fileRef = 904DAD2E2A945330007BCC56 /* AppSearchModelMapper.swift */; };
		904DAD312A945345007BCC56 /* ResultState.swift in Sources */ = {isa = PBXBuildFile; fileRef = 904DAD302A945345007BCC56 /* ResultState.swift */; };
		904DAD332A945356007BCC56 /* CoverType.swift in Sources */ = {isa = PBXBuildFile; fileRef = 904DAD322A945356007BCC56 /* CoverType.swift */; };
		904DAD352A945371007BCC56 /* AppSearchModel.swift in Sources */ = {isa = PBXBuildFile; fileRef = 904DAD342A945371007BCC56 /* AppSearchModel.swift */; };
		904DAD372A945385007BCC56 /* AppLanguageModel.swift in Sources */ = {isa = PBXBuildFile; fileRef = 904DAD362A945385007BCC56 /* AppLanguageModel.swift */; };
		904DAD392A9453A2007BCC56 /* AppSearchItemModel.swift in Sources */ = {isa = PBXBuildFile; fileRef = 904DAD382A9453A2007BCC56 /* AppSearchItemModel.swift */; };
		904DAD3C2A94547B007BCC56 /* BaseProtocol.swift in Sources */ = {isa = PBXBuildFile; fileRef = 904DAD3B2A94547B007BCC56 /* BaseProtocol.swift */; };
		904DAD3E2A945496007BCC56 /* BaseViewController.swift in Sources */ = {isa = PBXBuildFile; fileRef = 904DAD3D2A945496007BCC56 /* BaseViewController.swift */; };
		904DAD402A9454B2007BCC56 /* BaseView.swift in Sources */ = {isa = PBXBuildFile; fileRef = 904DAD3F2A9454B2007BCC56 /* BaseView.swift */; };
		904DAD422A9463B4007BCC56 /* AppDetailViewModel.swift in Sources */ = {isa = PBXBuildFile; fileRef = 904DAD412A9463B4007BCC56 /* AppDetailViewModel.swift */; };
		904DAD452A946572007BCC56 /* CachedAsyncImageView.swift in Sources */ = {isa = PBXBuildFile; fileRef = 904DAD442A946572007BCC56 /* CachedAsyncImageView.swift */; };
		904DAD472A946648007BCC56 /* CachedImageInfo.swift in Sources */ = {isa = PBXBuildFile; fileRef = 904DAD462A946648007BCC56 /* CachedImageInfo.swift */; };
		904DAD492A9481EE007BCC56 /* AppSearchView.swift in Sources */ = {isa = PBXBuildFile; fileRef = 904DAD482A9481EE007BCC56 /* AppSearchView.swift */; };
		904DAD592A948858007BCC56 /* AppSearchItemModelMock.swift in Sources */ = {isa = PBXBuildFile; fileRef = 904DAD582A948858007BCC56 /* AppSearchItemModelMock.swift */; };
		904DAD5A2A948868007BCC56 /* AppSearchItemModelMock.swift in Sources */ = {isa = PBXBuildFile; fileRef = 904DAD582A948858007BCC56 /* AppSearchItemModelMock.swift */; };
		904DAD5C2A9488F0007BCC56 /* AppSearchModelMock.swift in Sources */ = {isa = PBXBuildFile; fileRef = 904DAD5B2A9488F0007BCC56 /* AppSearchModelMock.swift */; };
		904DAD5D2A9488F6007BCC56 /* AppSearchModelMock.swift in Sources */ = {isa = PBXBuildFile; fileRef = 904DAD5B2A9488F0007BCC56 /* AppSearchModelMock.swift */; };
		904DAD5F2A948947007BCC56 /* AppSearchEntityMock.swift in Sources */ = {isa = PBXBuildFile; fileRef = 904DAD5E2A948947007BCC56 /* AppSearchEntityMock.swift */; };
		904DAD602A948955007BCC56 /* AppSearchEntityMock.swift in Sources */ = {isa = PBXBuildFile; fileRef = 904DAD5E2A948947007BCC56 /* AppSearchEntityMock.swift */; };
		904DAD622A948980007BCC56 /* AppSearchItemEntityMock.swift in Sources */ = {isa = PBXBuildFile; fileRef = 904DAD612A948980007BCC56 /* AppSearchItemEntityMock.swift */; };
		904DAD632A948987007BCC56 /* AppSearchItemEntityMock.swift in Sources */ = {isa = PBXBuildFile; fileRef = 904DAD612A948980007BCC56 /* AppSearchItemEntityMock.swift */; };
		904DAD652A9489C9007BCC56 /* AppSearchResponseDTOMock.swift in Sources */ = {isa = PBXBuildFile; fileRef = 904DAD642A9489C9007BCC56 /* AppSearchResponseDTOMock.swift */; };
		904DAD662A9489CD007BCC56 /* AppSearchResponseDTOMock.swift in Sources */ = {isa = PBXBuildFile; fileRef = 904DAD642A9489C9007BCC56 /* AppSearchResponseDTOMock.swift */; };
		904DAD682A9489F4007BCC56 /* AppSearchItemResponseDTOMock.swift in Sources */ = {isa = PBXBuildFile; fileRef = 904DAD672A9489F4007BCC56 /* AppSearchItemResponseDTOMock.swift */; };
		904DAD692A9489F7007BCC56 /* AppSearchItemResponseDTOMock.swift in Sources */ = {isa = PBXBuildFile; fileRef = 904DAD672A9489F4007BCC56 /* AppSearchItemResponseDTOMock.swift */; };
		904DAD6B2A94B270007BCC56 /* AppSearchResultListView.swift in Sources */ = {isa = PBXBuildFile; fileRef = 904DAD6A2A94B270007BCC56 /* AppSearchResultListView.swift */; };
		90661A032AA0463100547FFC /* AppScreenshotView.swift in Sources */ = {isa = PBXBuildFile; fileRef = 90661A022AA0463100547FFC /* AppScreenshotView.swift */; };
		90B2797A29DA5CED006FB775 /* Int+Extensions.swift in Sources */ = {isa = PBXBuildFile; fileRef = 90B2790B29DA5CED006FB775 /* Int+Extensions.swift */; };
		90B2797C29DA5CED006FB775 /* UIViewController.swift in Sources */ = {isa = PBXBuildFile; fileRef = 90B2790D29DA5CED006FB775 /* UIViewController.swift */; };
		90B2797D29DA5CED006FB775 /* UIView.swift in Sources */ = {isa = PBXBuildFile; fileRef = 90B2790E29DA5CED006FB775 /* UIView.swift */; };
		90B2797F29DA5CED006FB775 /* UIColor+Extensions.swift in Sources */ = {isa = PBXBuildFile; fileRef = 90B2791029DA5CED006FB775 /* UIColor+Extensions.swift */; };
		90B2798129DA5CED006FB775 /* Assets.xcassets in Resources */ = {isa = PBXBuildFile; fileRef = 90B2791329DA5CED006FB775 /* Assets.xcassets */; };
		90B2798229DA5CED006FB775 /* LaunchScreen.storyboard in Resources */ = {isa = PBXBuildFile; fileRef = 90B2791429DA5CED006FB775 /* LaunchScreen.storyboard */; };
		90B2798429DA5CED006FB775 /* ImageCacheManager.swift in Sources */ = {isa = PBXBuildFile; fileRef = 90B2791929DA5CED006FB775 /* ImageCacheManager.swift */; };
		90B2798529DA5CED006FB775 /* AnyCancelTaskBag.swift in Sources */ = {isa = PBXBuildFile; fileRef = 90B2791A29DA5CED006FB775 /* AnyCancelTaskBag.swift */; };
		90B2798729DA5CED006FB775 /* AnyCancellableTask.swift in Sources */ = {isa = PBXBuildFile; fileRef = 90B2791C29DA5CED006FB775 /* AnyCancellableTask.swift */; };
		90B2798829DA5CED006FB775 /* AlertControllerBulider.swift in Sources */ = {isa = PBXBuildFile; fileRef = 90B2791D29DA5CED006FB775 /* AlertControllerBulider.swift */; };
		90B2798929DA5CED006FB775 /* UILabel+Extensions.swift in Sources */ = {isa = PBXBuildFile; fileRef = 90B2791E29DA5CED006FB775 /* UILabel+Extensions.swift */; };
		90B2798C29DA5CED006FB775 /* AppDelegate.swift in Sources */ = {isa = PBXBuildFile; fileRef = 90B2792329DA5CED006FB775 /* AppDelegate.swift */; };
		90B2798D29DA5CED006FB775 /* SceneDelegate.swift in Sources */ = {isa = PBXBuildFile; fileRef = 90B2792429DA5CED006FB775 /* SceneDelegate.swift */; };
		90B2798F29DA5CED006FB775 /* NetworkService.swift in Sources */ = {isa = PBXBuildFile; fileRef = 90B2792829DA5CED006FB775 /* NetworkService.swift */; };
		90B2799129DA5CED006FB775 /* Requestable.swift in Sources */ = {isa = PBXBuildFile; fileRef = 90B2792B29DA5CED006FB775 /* Requestable.swift */; };
		90B2799229DA5CED006FB775 /* HTTPMethod.swift in Sources */ = {isa = PBXBuildFile; fileRef = 90B2792C29DA5CED006FB775 /* HTTPMethod.swift */; };
		90B2799529DA5CED006FB775 /* Endpoint.swift in Sources */ = {isa = PBXBuildFile; fileRef = 90B2792F29DA5CED006FB775 /* Endpoint.swift */; };
		90B2799629DA5CED006FB775 /* NetworkSessionManager.swift in Sources */ = {isa = PBXBuildFile; fileRef = 90B2793029DA5CED006FB775 /* NetworkSessionManager.swift */; };
		90B2799829DA5CED006FB775 /* NetworkError.swift in Sources */ = {isa = PBXBuildFile; fileRef = 90B2793329DA5CED006FB775 /* NetworkError.swift */; };
		90B2799929DA5CED006FB775 /* AppSearchRepository.swift in Sources */ = {isa = PBXBuildFile; fileRef = 90B2793529DA5CED006FB775 /* AppSearchRepository.swift */; };
		90B2799D29DA5CED006FB775 /* AppSearchRepositoryInterface.swift in Sources */ = {isa = PBXBuildFile; fileRef = 90B2793E29DA5CED006FB775 /* AppSearchRepositoryInterface.swift */; };
		90B279A529DA5CED006FB775 /* AppDetailViewController.swift in Sources */ = {isa = PBXBuildFile; fileRef = 90B2794E29DA5CED006FB775 /* AppDetailViewController.swift */; };
		90B279A629DA5CED006FB775 /* AppDetailScreenshotCollectionViewCell.swift in Sources */ = {isa = PBXBuildFile; fileRef = 90B2795029DA5CED006FB775 /* AppDetailScreenshotCollectionViewCell.swift */; };
		90B279A929DA5CED006FB775 /* AppSearchViewController.swift in Sources */ = {isa = PBXBuildFile; fileRef = 90B2795729DA5CED006FB775 /* AppSearchViewController.swift */; };
		90B279AB29DA5CED006FB775 /* SearchResultContainerViewController.swift in Sources */ = {isa = PBXBuildFile; fileRef = 90B2795B29DA5CED006FB775 /* SearchResultContainerViewController.swift */; };
		90B279AE29DA5CED006FB775 /* AppSearchResultListViewController.swift in Sources */ = {isa = PBXBuildFile; fileRef = 90B2796129DA5CED006FB775 /* AppSearchResultListViewController.swift */; };
		90B279AF29DA5CED006FB775 /* AppSearchResultListTableViewCell.swift in Sources */ = {isa = PBXBuildFile; fileRef = 90B2796329DA5CED006FB775 /* AppSearchResultListTableViewCell.swift */; };
		90B279B229DA5CED006FB775 /* RoundedButtonView.swift in Sources */ = {isa = PBXBuildFile; fileRef = 90B2796729DA5CED006FB775 /* RoundedButtonView.swift */; };
		90B279B329DA5CED006FB775 /* StarRatingView.swift in Sources */ = {isa = PBXBuildFile; fileRef = 90B2796829DA5CED006FB775 /* StarRatingView.swift */; };
		90B279B629DA5CED006FB775 /* RecentKeywordListViewController.swift in Sources */ = {isa = PBXBuildFile; fileRef = 90B2796E29DA5CED006FB775 /* RecentKeywordListViewController.swift */; };
		90B279B729DA5CED006FB775 /* RecentAppSearchTableViewCell.swift in Sources */ = {isa = PBXBuildFile; fileRef = 90B2797029DA5CED006FB775 /* RecentAppSearchTableViewCell.swift */; };
		90B279B829DA5CED006FB775 /* AppDescriptionViewController.swift in Sources */ = {isa = PBXBuildFile; fileRef = 90B2797229DA5CED006FB775 /* AppDescriptionViewController.swift */; };
		90B279BA29DA5CED006FB775 /* AppCoordinator.swift in Sources */ = {isa = PBXBuildFile; fileRef = 90B2797529DA5CED006FB775 /* AppCoordinator.swift */; };
		90B279BB29DA5CED006FB775 /* SearchCoordinator.swift in Sources */ = {isa = PBXBuildFile; fileRef = 90B2797629DA5CED006FB775 /* SearchCoordinator.swift */; };
		90B279BC29DA5CED006FB775 /* ReusableCells.swift in Sources */ = {isa = PBXBuildFile; fileRef = 90B2797829DA5CED006FB775 /* ReusableCells.swift */; };
		90B279BD29DA5CED006FB775 /* ContentStateViewController.swift in Sources */ = {isa = PBXBuildFile; fileRef = 90B2797929DA5CED006FB775 /* ContentStateViewController.swift */; };
		90E65DA82AA842B60061FA6F /* AppGenreModel.swift in Sources */ = {isa = PBXBuildFile; fileRef = 90E65DA72AA842B60061FA6F /* AppGenreModel.swift */; };
		90E65DAA2AA8BD660061FA6F /* StarRatingImageView.swift in Sources */ = {isa = PBXBuildFile; fileRef = 90E65DA92AA8BD660061FA6F /* StarRatingImageView.swift */; };
/* End PBXBuildFile section */

/* Begin PBXContainerItemProxy section */
		908E9A5129C9CF3400231ECD /* PBXContainerItemProxy */ = {
			isa = PBXContainerItemProxy;
			containerPortal = 90500FC129C53E4200F017FF /* Project object */;
			proxyType = 1;
			remoteGlobalIDString = 90500FC829C53E4200F017FF;
			remoteInfo = KakaoBankSubject;
		};
/* End PBXContainerItemProxy section */

/* Begin PBXFileReference section */
		903771882AA2A5590003AF55 /* AppInfoSummaryView.swift */ = {isa = PBXFileReference; lastKnownFileType = sourcecode.swift; path = AppInfoSummaryView.swift; sourceTree = "<group>"; };
		904DACFA2A932A9C007BCC56 /* Encodable.swift */ = {isa = PBXFileReference; lastKnownFileType = sourcecode.swift; path = Encodable.swift; sourceTree = "<group>"; };
		904DACFC2A932B3A007BCC56 /* Dictionary.swift */ = {isa = PBXFileReference; lastKnownFileType = sourcecode.swift; path = Dictionary.swift; sourceTree = "<group>"; };
		904DAD012A933023007BCC56 /* RecentKeywordStorage.swift */ = {isa = PBXFileReference; lastKnownFileType = sourcecode.swift; path = RecentKeywordStorage.swift; sourceTree = "<group>"; };
		904DAD032A933045007BCC56 /* Array.swift */ = {isa = PBXFileReference; lastKnownFileType = sourcecode.swift; path = Array.swift; sourceTree = "<group>"; };
		904DAD062A9330D8007BCC56 /* AppSearchDataSource.swift */ = {isa = PBXFileReference; lastKnownFileType = sourcecode.swift; path = AppSearchDataSource.swift; sourceTree = "<group>"; };
		904DAD082A9330F2007BCC56 /* AppSearchResponseDTO.swift */ = {isa = PBXFileReference; lastKnownFileType = sourcecode.swift; path = AppSearchResponseDTO.swift; sourceTree = "<group>"; };
		904DAD0A2A93310B007BCC56 /* AppSearchItemResponseDTO.swift */ = {isa = PBXFileReference; lastKnownFileType = sourcecode.swift; path = AppSearchItemResponseDTO.swift; sourceTree = "<group>"; };
		904DAD0C2A93311F007BCC56 /* AppSearchItemEntity.swift */ = {isa = PBXFileReference; lastKnownFileType = sourcecode.swift; path = AppSearchItemEntity.swift; sourceTree = "<group>"; };
		904DAD0E2A93313C007BCC56 /* AppLanguageCodeEntity.swift */ = {isa = PBXFileReference; lastKnownFileType = sourcecode.swift; path = AppLanguageCodeEntity.swift; sourceTree = "<group>"; };
		904DAD102A933171007BCC56 /* UIDevice.swift */ = {isa = PBXFileReference; lastKnownFileType = sourcecode.swift; path = UIDevice.swift; sourceTree = "<group>"; };
		904DAD122A93317A007BCC56 /* Int.swift */ = {isa = PBXFileReference; lastKnownFileType = sourcecode.swift; path = Int.swift; sourceTree = "<group>"; };
		904DAD142A93318A007BCC56 /* Double.swift */ = {isa = PBXFileReference; lastKnownFileType = sourcecode.swift; path = Double.swift; sourceTree = "<group>"; };
		904DAD162A933195007BCC56 /* String.swift */ = {isa = PBXFileReference; lastKnownFileType = sourcecode.swift; path = String.swift; sourceTree = "<group>"; };
		904DAD182A9331B0007BCC56 /* UIApplication.swift */ = {isa = PBXFileReference; lastKnownFileType = sourcecode.swift; path = UIApplication.swift; sourceTree = "<group>"; };
		904DAD1B2A933228007BCC56 /* AppSearchRequestDTO.swift */ = {isa = PBXFileReference; lastKnownFileType = sourcecode.swift; path = AppSearchRequestDTO.swift; sourceTree = "<group>"; };
		904DAD1D2A933660007BCC56 /* AppSearchAPIEndpoint.swift */ = {isa = PBXFileReference; lastKnownFileType = sourcecode.swift; path = AppSearchAPIEndpoint.swift; sourceTree = "<group>"; };
		904DAD1F2A933A51007BCC56 /* AppSearchEntity.swift */ = {isa = PBXFileReference; lastKnownFileType = sourcecode.swift; path = AppSearchEntity.swift; sourceTree = "<group>"; };
		904DAD212A934887007BCC56 /* RecentKeywordRepository.swift */ = {isa = PBXFileReference; lastKnownFileType = sourcecode.swift; path = RecentKeywordRepository.swift; sourceTree = "<group>"; };
		904DAD232A93489E007BCC56 /* RecentKeywordRepositoryInterface.swift */ = {isa = PBXFileReference; lastKnownFileType = sourcecode.swift; path = RecentKeywordRepositoryInterface.swift; sourceTree = "<group>"; };
		904DAD262A9349FC007BCC56 /* AppSearchUseCase.swift */ = {isa = PBXFileReference; lastKnownFileType = sourcecode.swift; path = AppSearchUseCase.swift; sourceTree = "<group>"; };
		904DAD282A934A3C007BCC56 /* AppSearchError.swift */ = {isa = PBXFileReference; lastKnownFileType = sourcecode.swift; path = AppSearchError.swift; sourceTree = "<group>"; };
		904DAD2A2A945300007BCC56 /* AppSearchViewModel.swift */ = {isa = PBXFileReference; lastKnownFileType = sourcecode.swift; path = AppSearchViewModel.swift; sourceTree = "<group>"; };
		904DAD2E2A945330007BCC56 /* AppSearchModelMapper.swift */ = {isa = PBXFileReference; lastKnownFileType = sourcecode.swift; path = AppSearchModelMapper.swift; sourceTree = "<group>"; };
		904DAD302A945345007BCC56 /* ResultState.swift */ = {isa = PBXFileReference; lastKnownFileType = sourcecode.swift; path = ResultState.swift; sourceTree = "<group>"; };
		904DAD322A945356007BCC56 /* CoverType.swift */ = {isa = PBXFileReference; lastKnownFileType = sourcecode.swift; path = CoverType.swift; sourceTree = "<group>"; };
		904DAD342A945371007BCC56 /* AppSearchModel.swift */ = {isa = PBXFileReference; lastKnownFileType = sourcecode.swift; path = AppSearchModel.swift; sourceTree = "<group>"; };
		904DAD362A945385007BCC56 /* AppLanguageModel.swift */ = {isa = PBXFileReference; lastKnownFileType = sourcecode.swift; path = AppLanguageModel.swift; sourceTree = "<group>"; };
		904DAD382A9453A2007BCC56 /* AppSearchItemModel.swift */ = {isa = PBXFileReference; lastKnownFileType = sourcecode.swift; path = AppSearchItemModel.swift; sourceTree = "<group>"; };
		904DAD3B2A94547B007BCC56 /* BaseProtocol.swift */ = {isa = PBXFileReference; lastKnownFileType = sourcecode.swift; path = BaseProtocol.swift; sourceTree = "<group>"; };
		904DAD3D2A945496007BCC56 /* BaseViewController.swift */ = {isa = PBXFileReference; lastKnownFileType = sourcecode.swift; path = BaseViewController.swift; sourceTree = "<group>"; };
		904DAD3F2A9454B2007BCC56 /* BaseView.swift */ = {isa = PBXFileReference; lastKnownFileType = sourcecode.swift; path = BaseView.swift; sourceTree = "<group>"; };
		904DAD412A9463B4007BCC56 /* AppDetailViewModel.swift */ = {isa = PBXFileReference; lastKnownFileType = sourcecode.swift; path = AppDetailViewModel.swift; sourceTree = "<group>"; };
		904DAD442A946572007BCC56 /* CachedAsyncImageView.swift */ = {isa = PBXFileReference; lastKnownFileType = sourcecode.swift; path = CachedAsyncImageView.swift; sourceTree = "<group>"; };
		904DAD462A946648007BCC56 /* CachedImageInfo.swift */ = {isa = PBXFileReference; lastKnownFileType = sourcecode.swift; path = CachedImageInfo.swift; sourceTree = "<group>"; };
		904DAD482A9481EE007BCC56 /* AppSearchView.swift */ = {isa = PBXFileReference; lastKnownFileType = sourcecode.swift; path = AppSearchView.swift; sourceTree = "<group>"; };
		904DAD582A948858007BCC56 /* AppSearchItemModelMock.swift */ = {isa = PBXFileReference; lastKnownFileType = sourcecode.swift; path = AppSearchItemModelMock.swift; sourceTree = "<group>"; };
		904DAD5B2A9488F0007BCC56 /* AppSearchModelMock.swift */ = {isa = PBXFileReference; lastKnownFileType = sourcecode.swift; path = AppSearchModelMock.swift; sourceTree = "<group>"; };
		904DAD5E2A948947007BCC56 /* AppSearchEntityMock.swift */ = {isa = PBXFileReference; lastKnownFileType = sourcecode.swift; path = AppSearchEntityMock.swift; sourceTree = "<group>"; };
		904DAD612A948980007BCC56 /* AppSearchItemEntityMock.swift */ = {isa = PBXFileReference; lastKnownFileType = sourcecode.swift; path = AppSearchItemEntityMock.swift; sourceTree = "<group>"; };
		904DAD642A9489C9007BCC56 /* AppSearchResponseDTOMock.swift */ = {isa = PBXFileReference; lastKnownFileType = sourcecode.swift; path = AppSearchResponseDTOMock.swift; sourceTree = "<group>"; };
		904DAD672A9489F4007BCC56 /* AppSearchItemResponseDTOMock.swift */ = {isa = PBXFileReference; lastKnownFileType = sourcecode.swift; path = AppSearchItemResponseDTOMock.swift; sourceTree = "<group>"; };
		904DAD6A2A94B270007BCC56 /* AppSearchResultListView.swift */ = {isa = PBXFileReference; lastKnownFileType = sourcecode.swift; path = AppSearchResultListView.swift; sourceTree = "<group>"; };
		90500FC929C53E4200F017FF /* AppStoreSearching.app */ = {isa = PBXFileReference; explicitFileType = wrapper.application; includeInIndex = 0; path = AppStoreSearching.app; sourceTree = BUILT_PRODUCTS_DIR; };
		90661A022AA0463100547FFC /* AppScreenshotView.swift */ = {isa = PBXFileReference; lastKnownFileType = sourcecode.swift; path = AppScreenshotView.swift; sourceTree = "<group>"; };
		908E9A4D29C9CF3400231ECD /* AppStoreSearchingTests.xctest */ = {isa = PBXFileReference; explicitFileType = wrapper.cfbundle; includeInIndex = 0; path = AppStoreSearchingTests.xctest; sourceTree = BUILT_PRODUCTS_DIR; };
		90B2790B29DA5CED006FB775 /* Int+Extensions.swift */ = {isa = PBXFileReference; fileEncoding = 4; lastKnownFileType = sourcecode.swift; path = "Int+Extensions.swift"; sourceTree = "<group>"; };
		90B2790D29DA5CED006FB775 /* UIViewController.swift */ = {isa = PBXFileReference; fileEncoding = 4; lastKnownFileType = sourcecode.swift; path = UIViewController.swift; sourceTree = "<group>"; };
		90B2790E29DA5CED006FB775 /* UIView.swift */ = {isa = PBXFileReference; fileEncoding = 4; lastKnownFileType = sourcecode.swift; path = UIView.swift; sourceTree = "<group>"; };
		90B2791029DA5CED006FB775 /* UIColor+Extensions.swift */ = {isa = PBXFileReference; fileEncoding = 4; lastKnownFileType = sourcecode.swift; path = "UIColor+Extensions.swift"; sourceTree = "<group>"; };
		90B2791329DA5CED006FB775 /* Assets.xcassets */ = {isa = PBXFileReference; lastKnownFileType = folder.assetcatalog; path = Assets.xcassets; sourceTree = "<group>"; };
		90B2791529DA5CED006FB775 /* Base */ = {isa = PBXFileReference; lastKnownFileType = file.storyboard; name = Base; path = Base.lproj/LaunchScreen.storyboard; sourceTree = "<group>"; };
		90B2791629DA5CED006FB775 /* Info.plist */ = {isa = PBXFileReference; fileEncoding = 4; lastKnownFileType = text.plist.xml; path = Info.plist; sourceTree = "<group>"; };
		90B2791929DA5CED006FB775 /* ImageCacheManager.swift */ = {isa = PBXFileReference; fileEncoding = 4; lastKnownFileType = sourcecode.swift; path = ImageCacheManager.swift; sourceTree = "<group>"; };
		90B2791A29DA5CED006FB775 /* AnyCancelTaskBag.swift */ = {isa = PBXFileReference; fileEncoding = 4; lastKnownFileType = sourcecode.swift; path = AnyCancelTaskBag.swift; sourceTree = "<group>"; };
		90B2791C29DA5CED006FB775 /* AnyCancellableTask.swift */ = {isa = PBXFileReference; fileEncoding = 4; lastKnownFileType = sourcecode.swift; path = AnyCancellableTask.swift; sourceTree = "<group>"; };
		90B2791D29DA5CED006FB775 /* AlertControllerBulider.swift */ = {isa = PBXFileReference; fileEncoding = 4; lastKnownFileType = sourcecode.swift; path = AlertControllerBulider.swift; sourceTree = "<group>"; };
		90B2791E29DA5CED006FB775 /* UILabel+Extensions.swift */ = {isa = PBXFileReference; fileEncoding = 4; lastKnownFileType = sourcecode.swift; path = "UILabel+Extensions.swift"; sourceTree = "<group>"; };
		90B2792329DA5CED006FB775 /* AppDelegate.swift */ = {isa = PBXFileReference; fileEncoding = 4; lastKnownFileType = sourcecode.swift; path = AppDelegate.swift; sourceTree = "<group>"; };
		90B2792429DA5CED006FB775 /* SceneDelegate.swift */ = {isa = PBXFileReference; fileEncoding = 4; lastKnownFileType = sourcecode.swift; path = SceneDelegate.swift; sourceTree = "<group>"; };
		90B2792829DA5CED006FB775 /* NetworkService.swift */ = {isa = PBXFileReference; fileEncoding = 4; lastKnownFileType = sourcecode.swift; path = NetworkService.swift; sourceTree = "<group>"; };
		90B2792B29DA5CED006FB775 /* Requestable.swift */ = {isa = PBXFileReference; fileEncoding = 4; lastKnownFileType = sourcecode.swift; path = Requestable.swift; sourceTree = "<group>"; };
		90B2792C29DA5CED006FB775 /* HTTPMethod.swift */ = {isa = PBXFileReference; fileEncoding = 4; lastKnownFileType = sourcecode.swift; path = HTTPMethod.swift; sourceTree = "<group>"; };
		90B2792F29DA5CED006FB775 /* Endpoint.swift */ = {isa = PBXFileReference; fileEncoding = 4; lastKnownFileType = sourcecode.swift; path = Endpoint.swift; sourceTree = "<group>"; };
		90B2793029DA5CED006FB775 /* NetworkSessionManager.swift */ = {isa = PBXFileReference; fileEncoding = 4; lastKnownFileType = sourcecode.swift; path = NetworkSessionManager.swift; sourceTree = "<group>"; };
		90B2793329DA5CED006FB775 /* NetworkError.swift */ = {isa = PBXFileReference; fileEncoding = 4; lastKnownFileType = sourcecode.swift; path = NetworkError.swift; sourceTree = "<group>"; };
		90B2793529DA5CED006FB775 /* AppSearchRepository.swift */ = {isa = PBXFileReference; fileEncoding = 4; lastKnownFileType = sourcecode.swift; path = AppSearchRepository.swift; sourceTree = "<group>"; };
		90B2793E29DA5CED006FB775 /* AppSearchRepositoryInterface.swift */ = {isa = PBXFileReference; fileEncoding = 4; lastKnownFileType = sourcecode.swift; path = AppSearchRepositoryInterface.swift; sourceTree = "<group>"; };
		90B2794E29DA5CED006FB775 /* AppDetailViewController.swift */ = {isa = PBXFileReference; fileEncoding = 4; lastKnownFileType = sourcecode.swift; path = AppDetailViewController.swift; sourceTree = "<group>"; };
		90B2795029DA5CED006FB775 /* AppDetailScreenshotCollectionViewCell.swift */ = {isa = PBXFileReference; fileEncoding = 4; lastKnownFileType = sourcecode.swift; path = AppDetailScreenshotCollectionViewCell.swift; sourceTree = "<group>"; };
		90B2795729DA5CED006FB775 /* AppSearchViewController.swift */ = {isa = PBXFileReference; fileEncoding = 4; lastKnownFileType = sourcecode.swift; path = AppSearchViewController.swift; sourceTree = "<group>"; };
		90B2795B29DA5CED006FB775 /* SearchResultContainerViewController.swift */ = {isa = PBXFileReference; fileEncoding = 4; lastKnownFileType = sourcecode.swift; path = SearchResultContainerViewController.swift; sourceTree = "<group>"; };
		90B2796129DA5CED006FB775 /* AppSearchResultListViewController.swift */ = {isa = PBXFileReference; fileEncoding = 4; lastKnownFileType = sourcecode.swift; path = AppSearchResultListViewController.swift; sourceTree = "<group>"; };
		90B2796329DA5CED006FB775 /* AppSearchResultListTableViewCell.swift */ = {isa = PBXFileReference; fileEncoding = 4; lastKnownFileType = sourcecode.swift; path = AppSearchResultListTableViewCell.swift; sourceTree = "<group>"; };
		90B2796729DA5CED006FB775 /* RoundedButtonView.swift */ = {isa = PBXFileReference; fileEncoding = 4; lastKnownFileType = sourcecode.swift; path = RoundedButtonView.swift; sourceTree = "<group>"; };
		90B2796829DA5CED006FB775 /* StarRatingView.swift */ = {isa = PBXFileReference; fileEncoding = 4; lastKnownFileType = sourcecode.swift; path = StarRatingView.swift; sourceTree = "<group>"; };
		90B2796E29DA5CED006FB775 /* RecentKeywordListViewController.swift */ = {isa = PBXFileReference; fileEncoding = 4; lastKnownFileType = sourcecode.swift; path = RecentKeywordListViewController.swift; sourceTree = "<group>"; };
		90B2797029DA5CED006FB775 /* RecentAppSearchTableViewCell.swift */ = {isa = PBXFileReference; fileEncoding = 4; lastKnownFileType = sourcecode.swift; path = RecentAppSearchTableViewCell.swift; sourceTree = "<group>"; };
		90B2797229DA5CED006FB775 /* AppDescriptionViewController.swift */ = {isa = PBXFileReference; fileEncoding = 4; lastKnownFileType = sourcecode.swift; path = AppDescriptionViewController.swift; sourceTree = "<group>"; };
		90B2797529DA5CED006FB775 /* AppCoordinator.swift */ = {isa = PBXFileReference; fileEncoding = 4; lastKnownFileType = sourcecode.swift; path = AppCoordinator.swift; sourceTree = "<group>"; };
		90B2797629DA5CED006FB775 /* SearchCoordinator.swift */ = {isa = PBXFileReference; fileEncoding = 4; lastKnownFileType = sourcecode.swift; path = SearchCoordinator.swift; sourceTree = "<group>"; };
		90B2797829DA5CED006FB775 /* ReusableCells.swift */ = {isa = PBXFileReference; fileEncoding = 4; lastKnownFileType = sourcecode.swift; path = ReusableCells.swift; sourceTree = "<group>"; };
		90B2797929DA5CED006FB775 /* ContentStateViewController.swift */ = {isa = PBXFileReference; fileEncoding = 4; lastKnownFileType = sourcecode.swift; path = ContentStateViewController.swift; sourceTree = "<group>"; };
		90E65DA72AA842B60061FA6F /* AppGenreModel.swift */ = {isa = PBXFileReference; lastKnownFileType = sourcecode.swift; path = AppGenreModel.swift; sourceTree = "<group>"; };
		90E65DA92AA8BD660061FA6F /* StarRatingImageView.swift */ = {isa = PBXFileReference; lastKnownFileType = sourcecode.swift; path = StarRatingImageView.swift; sourceTree = "<group>"; };
/* End PBXFileReference section */

/* Begin PBXFrameworksBuildPhase section */
		90500FC629C53E4200F017FF /* Frameworks */ = {
			isa = PBXFrameworksBuildPhase;
			buildActionMask = 2147483647;
			files = (
			);
			runOnlyForDeploymentPostprocessing = 0;
		};
		908E9A4A29C9CF3400231ECD /* Frameworks */ = {
			isa = PBXFrameworksBuildPhase;
			buildActionMask = 2147483647;
			files = (
			);
			runOnlyForDeploymentPostprocessing = 0;
		};
/* End PBXFrameworksBuildPhase section */

/* Begin PBXGroup section */
		904DACF52A932504007BCC56 /* DTO */ = {
			isa = PBXGroup;
			children = (
				904DACF72A93250F007BCC56 /* Request */,
				904DACF62A93250A007BCC56 /* Response */,
			);
			path = DTO;
			sourceTree = "<group>";
		};
		904DACF62A93250A007BCC56 /* Response */ = {
			isa = PBXGroup;
			children = (
				904DAD082A9330F2007BCC56 /* AppSearchResponseDTO.swift */,
				904DAD0A2A93310B007BCC56 /* AppSearchItemResponseDTO.swift */,
			);
			path = Response;
			sourceTree = "<group>";
		};
		904DACF72A93250F007BCC56 /* Request */ = {
			isa = PBXGroup;
			children = (
				904DAD1B2A933228007BCC56 /* AppSearchRequestDTO.swift */,
			);
			path = Request;
			sourceTree = "<group>";
		};
		904DACF82A932A8D007BCC56 /* CommonUtil */ = {
			isa = PBXGroup;
			children = (
				90B2791A29DA5CED006FB775 /* AnyCancelTaskBag.swift */,
				90B2791C29DA5CED006FB775 /* AnyCancellableTask.swift */,
				904DACF92A932A92007BCC56 /* Extensions */,
			);
			path = CommonUtil;
			sourceTree = "<group>";
		};
		904DACF92A932A92007BCC56 /* Extensions */ = {
			isa = PBXGroup;
			children = (
				904DACFA2A932A9C007BCC56 /* Encodable.swift */,
				904DACFC2A932B3A007BCC56 /* Dictionary.swift */,
				904DAD122A93317A007BCC56 /* Int.swift */,
				904DAD142A93318A007BCC56 /* Double.swift */,
				904DAD162A933195007BCC56 /* String.swift */,
				904DAD032A933045007BCC56 /* Array.swift */,
				904DAD102A933171007BCC56 /* UIDevice.swift */,
				904DAD182A9331B0007BCC56 /* UIApplication.swift */,
			);
			path = Extensions;
			sourceTree = "<group>";
		};
		904DACFE2A932FCF007BCC56 /* DataSource */ = {
			isa = PBXGroup;
			children = (
				90B2792629DA5CED006FB775 /* Network */,
				904DACFF2A933012007BCC56 /* LocalStorage */,
				904DAD052A9330BD007BCC56 /* Search */,
			);
			name = DataSource;
			path = DataSource/DataSource;
			sourceTree = "<group>";
		};
		904DACFF2A933012007BCC56 /* LocalStorage */ = {
			isa = PBXGroup;
			children = (
				904DAD012A933023007BCC56 /* RecentKeywordStorage.swift */,
			);
			path = LocalStorage;
			sourceTree = "<group>";
		};
		904DAD052A9330BD007BCC56 /* Search */ = {
			isa = PBXGroup;
			children = (
				904DAD062A9330D8007BCC56 /* AppSearchDataSource.swift */,
				904DAD1D2A933660007BCC56 /* AppSearchAPIEndpoint.swift */,
			);
			path = Search;
			sourceTree = "<group>";
		};
		904DAD1A2A9331C7007BCC56 /* UIUtil */ = {
			isa = PBXGroup;
			children = (
				904DAD3A2A945463007BCC56 /* Base */,
				90B2791829DA5CED006FB775 /* CachedAsyncImage */,
				90B2796429DA5CED006FB775 /* CustomView */,
				90B2791D29DA5CED006FB775 /* AlertControllerBulider.swift */,
				90B2797929DA5CED006FB775 /* ContentStateViewController.swift */,
				90B2797829DA5CED006FB775 /* ReusableCells.swift */,
				90B2790E29DA5CED006FB775 /* UIView.swift */,
				90B2790D29DA5CED006FB775 /* UIViewController.swift */,
			);
			path = UIUtil;
			sourceTree = "<group>";
		};
		904DAD252A9349F0007BCC56 /* AppSearchUseCase */ = {
			isa = PBXGroup;
			children = (
				904DAD262A9349FC007BCC56 /* AppSearchUseCase.swift */,
				904DAD282A934A3C007BCC56 /* AppSearchError.swift */,
			);
			path = AppSearchUseCase;
			sourceTree = "<group>";
		};
		904DAD2C2A94531E007BCC56 /* Model */ = {
			isa = PBXGroup;
			children = (
				904DAD2D2A945328007BCC56 /* ModelMapper */,
				904DAD302A945345007BCC56 /* ResultState.swift */,
				904DAD322A945356007BCC56 /* CoverType.swift */,
				904DAD342A945371007BCC56 /* AppSearchModel.swift */,
				904DAD362A945385007BCC56 /* AppLanguageModel.swift */,
				90E65DA72AA842B60061FA6F /* AppGenreModel.swift */,
				904DAD382A9453A2007BCC56 /* AppSearchItemModel.swift */,
			);
			path = Model;
			sourceTree = "<group>";
		};
		904DAD2D2A945328007BCC56 /* ModelMapper */ = {
			isa = PBXGroup;
			children = (
				904DAD2E2A945330007BCC56 /* AppSearchModelMapper.swift */,
			);
			path = ModelMapper;
			sourceTree = "<group>";
		};
		904DAD3A2A945463007BCC56 /* Base */ = {
			isa = PBXGroup;
			children = (
				904DAD3B2A94547B007BCC56 /* BaseProtocol.swift */,
				904DAD3D2A945496007BCC56 /* BaseViewController.swift */,
				904DAD3F2A9454B2007BCC56 /* BaseView.swift */,
			);
			path = Base;
			sourceTree = "<group>";
		};
		904DAD432A9463B8007BCC56 /* ViewModel */ = {
			isa = PBXGroup;
			children = (
				904DAD412A9463B4007BCC56 /* AppDetailViewModel.swift */,
			);
			path = ViewModel;
			sourceTree = "<group>";
		};
		904DAD4A2A948695007BCC56 /* DTOTests */ = {
			isa = PBXGroup;
			children = (
			);
			path = DTOTests;
			sourceTree = "<group>";
		};
		904DAD4B2A94869D007BCC56 /* Mock */ = {
			isa = PBXGroup;
			children = (
				904DAD542A9487D6007BCC56 /* Model */,
				904DAD512A9487AB007BCC56 /* DataSource */,
				904DAD522A9487B4007BCC56 /* Repository */,
				904DAD532A9487BA007BCC56 /* UseCase */,
			);
			path = Mock;
			sourceTree = "<group>";
		};
		904DAD4C2A9486A5007BCC56 /* ObjectMother */ = {
			isa = PBXGroup;
			children = (
			);
			path = ObjectMother;
			sourceTree = "<group>";
		};
		904DAD4D2A9486F0007BCC56 /* DataSourceTests */ = {
			isa = PBXGroup;
			children = (
			);
			path = DataSourceTests;
			sourceTree = "<group>";
		};
		904DAD4E2A9486FF007BCC56 /* RepositoryTests */ = {
			isa = PBXGroup;
			children = (
			);
			path = RepositoryTests;
			sourceTree = "<group>";
		};
		904DAD4F2A948705007BCC56 /* UseCaseTests */ = {
			isa = PBXGroup;
			children = (
			);
			path = UseCaseTests;
			sourceTree = "<group>";
		};
		904DAD502A94870D007BCC56 /* ViewModelTests */ = {
			isa = PBXGroup;
			children = (
			);
			path = ViewModelTests;
			sourceTree = "<group>";
		};
		904DAD512A9487AB007BCC56 /* DataSource */ = {
			isa = PBXGroup;
			children = (
			);
			path = DataSource;
			sourceTree = "<group>";
		};
		904DAD522A9487B4007BCC56 /* Repository */ = {
			isa = PBXGroup;
			children = (
			);
			path = Repository;
			sourceTree = "<group>";
		};
		904DAD532A9487BA007BCC56 /* UseCase */ = {
			isa = PBXGroup;
			children = (
			);
			path = UseCase;
			sourceTree = "<group>";
		};
		904DAD542A9487D6007BCC56 /* Model */ = {
			isa = PBXGroup;
			children = (
				904DAD572A9487FD007BCC56 /* PresentationLayer */,
				904DAD562A9487F9007BCC56 /* DomainLayer */,
				904DAD552A9487E2007BCC56 /* DataLayer */,
			);
			path = Model;
			sourceTree = "<group>";
		};
		904DAD552A9487E2007BCC56 /* DataLayer */ = {
			isa = PBXGroup;
			children = (
				904DAD642A9489C9007BCC56 /* AppSearchResponseDTOMock.swift */,
				904DAD672A9489F4007BCC56 /* AppSearchItemResponseDTOMock.swift */,
			);
			path = DataLayer;
			sourceTree = "<group>";
		};
		904DAD562A9487F9007BCC56 /* DomainLayer */ = {
			isa = PBXGroup;
			children = (
				904DAD5E2A948947007BCC56 /* AppSearchEntityMock.swift */,
				904DAD612A948980007BCC56 /* AppSearchItemEntityMock.swift */,
			);
			path = DomainLayer;
			sourceTree = "<group>";
		};
		904DAD572A9487FD007BCC56 /* PresentationLayer */ = {
			isa = PBXGroup;
			children = (
				904DAD582A948858007BCC56 /* AppSearchItemModelMock.swift */,
				904DAD5B2A9488F0007BCC56 /* AppSearchModelMock.swift */,
			);
			path = PresentationLayer;
			sourceTree = "<group>";
		};
		90500FC029C53E4200F017FF = {
			isa = PBXGroup;
			children = (
				90B2790A29DA5CED006FB775 /* AppStoreSearching */,
				90B279BE29DA5CF7006FB775 /* AppStoreSearchingTests */,
				90500FCA29C53E4200F017FF /* Products */,
			);
			sourceTree = "<group>";
		};
		90500FCA29C53E4200F017FF /* Products */ = {
			isa = PBXGroup;
			children = (
				90500FC929C53E4200F017FF /* AppStoreSearching.app */,
				908E9A4D29C9CF3400231ECD /* AppStoreSearchingTests.xctest */,
			);
			name = Products;
			sourceTree = "<group>";
		};
		90B2790A29DA5CED006FB775 /* AppStoreSearching */ = {
			isa = PBXGroup;
			children = (
				90B2791F29DA5CED006FB775 /* Application */,
				90B2794529DA5CED006FB775 /* Presentation */,
				90B2793C29DA5CED006FB775 /* Domain */,
				90B2793729DA5CED006FB775 /* Data */,
				90B2791729DA5CED006FB775 /* Util */,
				90B2791229DA5CED006FB775 /* Resources */,
				90B279E529DA5D1B006FB775 /* Extensions */,
			);
			path = AppStoreSearching;
			sourceTree = "<group>";
		};
		90B2791229DA5CED006FB775 /* Resources */ = {
			isa = PBXGroup;
			children = (
				90B2791329DA5CED006FB775 /* Assets.xcassets */,
				90B2791429DA5CED006FB775 /* LaunchScreen.storyboard */,
				90B2791629DA5CED006FB775 /* Info.plist */,
			);
			path = Resources;
			sourceTree = "<group>";
		};
		90B2791729DA5CED006FB775 /* Util */ = {
			isa = PBXGroup;
			children = (
				904DAD1A2A9331C7007BCC56 /* UIUtil */,
				904DACF82A932A8D007BCC56 /* CommonUtil */,
			);
			path = Util;
			sourceTree = "<group>";
		};
		90B2791829DA5CED006FB775 /* CachedAsyncImage */ = {
			isa = PBXGroup;
			children = (
				90B2791929DA5CED006FB775 /* ImageCacheManager.swift */,
				904DAD442A946572007BCC56 /* CachedAsyncImageView.swift */,
				904DAD462A946648007BCC56 /* CachedImageInfo.swift */,
			);
			path = CachedAsyncImage;
			sourceTree = "<group>";
		};
		90B2791F29DA5CED006FB775 /* Application */ = {
			isa = PBXGroup;
			children = (
				90B2792329DA5CED006FB775 /* AppDelegate.swift */,
				90B2792429DA5CED006FB775 /* SceneDelegate.swift */,
			);
			path = Application;
			sourceTree = "<group>";
		};
		90B2792629DA5CED006FB775 /* Network */ = {
			isa = PBXGroup;
			children = (
				90B2792829DA5CED006FB775 /* NetworkService.swift */,
				90B2793029DA5CED006FB775 /* NetworkSessionManager.swift */,
				90B2792929DA5CED006FB775 /* Endpoint */,
				90B2793129DA5CED006FB775 /* Error */,
			);
			path = Network;
			sourceTree = "<group>";
		};
		90B2792929DA5CED006FB775 /* Endpoint */ = {
			isa = PBXGroup;
			children = (
				90B2792B29DA5CED006FB775 /* Requestable.swift */,
				90B2792C29DA5CED006FB775 /* HTTPMethod.swift */,
				90B2792F29DA5CED006FB775 /* Endpoint.swift */,
			);
			path = Endpoint;
			sourceTree = "<group>";
		};
		90B2793129DA5CED006FB775 /* Error */ = {
			isa = PBXGroup;
			children = (
				90B2793329DA5CED006FB775 /* NetworkError.swift */,
			);
			path = Error;
			sourceTree = "<group>";
		};
		90B2793429DA5CED006FB775 /* Repositories */ = {
			isa = PBXGroup;
			children = (
				90B2793529DA5CED006FB775 /* AppSearchRepository.swift */,
				904DAD212A934887007BCC56 /* RecentKeywordRepository.swift */,
			);
			path = Repositories;
			sourceTree = "<group>";
		};
		90B2793729DA5CED006FB775 /* Data */ = {
			isa = PBXGroup;
			children = (
				904DACF52A932504007BCC56 /* DTO */,
				90B2793429DA5CED006FB775 /* Repositories */,
				904DACFE2A932FCF007BCC56 /* DataSource */,
			);
			path = Data;
			sourceTree = "<group>";
		};
		90B2793C29DA5CED006FB775 /* Domain */ = {
			isa = PBXGroup;
			children = (
				90B2793D29DA5CED006FB775 /* Repositories */,
				90B2794029DA5CED006FB775 /* UseCases */,
				90B2794329DA5CED006FB775 /* Entities */,
			);
			path = Domain;
			sourceTree = "<group>";
		};
		90B2793D29DA5CED006FB775 /* Repositories */ = {
			isa = PBXGroup;
			children = (
				90B2793E29DA5CED006FB775 /* AppSearchRepositoryInterface.swift */,
				904DAD232A93489E007BCC56 /* RecentKeywordRepositoryInterface.swift */,
			);
			path = Repositories;
			sourceTree = "<group>";
		};
		90B2794029DA5CED006FB775 /* UseCases */ = {
			isa = PBXGroup;
			children = (
				904DAD252A9349F0007BCC56 /* AppSearchUseCase */,
			);
			path = UseCases;
			sourceTree = "<group>";
		};
		90B2794329DA5CED006FB775 /* Entities */ = {
			isa = PBXGroup;
			children = (
				904DAD1F2A933A51007BCC56 /* AppSearchEntity.swift */,
				904DAD0C2A93311F007BCC56 /* AppSearchItemEntity.swift */,
				904DAD0E2A93313C007BCC56 /* AppLanguageCodeEntity.swift */,
			);
			path = Entities;
			sourceTree = "<group>";
		};
		90B2794529DA5CED006FB775 /* Presentation */ = {
			isa = PBXGroup;
			children = (
				90B2794629DA5CED006FB775 /* AppStoreScene */,
				904DAD2C2A94531E007BCC56 /* Model */,
			);
			path = Presentation;
			sourceTree = "<group>";
		};
		90B2794629DA5CED006FB775 /* AppStoreScene */ = {
			isa = PBXGroup;
			children = (
				90B2797329DA5CED006FB775 /* Flow */,
				90B2795229DA5CED006FB775 /* AppSearch */,
				90B2794929DA5CED006FB775 /* Details */,
				90B2797129DA5CED006FB775 /* AppDescription */,
			);
			path = AppStoreScene;
			sourceTree = "<group>";
		};
		90B2794929DA5CED006FB775 /* Details */ = {
			isa = PBXGroup;
			children = (
				904DAD432A9463B8007BCC56 /* ViewModel */,
				90B2794F29DA5CED006FB775 /* View */,
				90B2794E29DA5CED006FB775 /* AppDetailViewController.swift */,
			);
			path = Details;
			sourceTree = "<group>";
		};
		90B2794F29DA5CED006FB775 /* View */ = {
			isa = PBXGroup;
			children = (
				90B2795029DA5CED006FB775 /* AppDetailScreenshotCollectionViewCell.swift */,
			);
			path = View;
			sourceTree = "<group>";
		};
		90B2795229DA5CED006FB775 /* AppSearch */ = {
			isa = PBXGroup;
			children = (
				90B2795A29DA5CED006FB775 /* SearchResultContainer */,
				90B2796929DA5CED006FB775 /* RecentKeyword */,
				90B2795C29DA5CED006FB775 /* AppSearchResult */,
				90B2795829DA5CED006FB775 /* View */,
				90B2795329DA5CED006FB775 /* ViewModel */,
				90B2795729DA5CED006FB775 /* AppSearchViewController.swift */,
			);
			path = AppSearch;
			sourceTree = "<group>";
		};
		90B2795329DA5CED006FB775 /* ViewModel */ = {
			isa = PBXGroup;
			children = (
				904DAD2A2A945300007BCC56 /* AppSearchViewModel.swift */,
			);
			path = ViewModel;
			sourceTree = "<group>";
		};
		90B2795829DA5CED006FB775 /* View */ = {
			isa = PBXGroup;
			children = (
				90B2797029DA5CED006FB775 /* RecentAppSearchTableViewCell.swift */,
				904DAD482A9481EE007BCC56 /* AppSearchView.swift */,
			);
			path = View;
			sourceTree = "<group>";
		};
		90B2795A29DA5CED006FB775 /* SearchResultContainer */ = {
			isa = PBXGroup;
			children = (
				90B2795B29DA5CED006FB775 /* SearchResultContainerViewController.swift */,
			);
			path = SearchResultContainer;
			sourceTree = "<group>";
		};
		90B2795C29DA5CED006FB775 /* AppSearchResult */ = {
			isa = PBXGroup;
			children = (
				90B2796229DA5CED006FB775 /* View */,
				90B2796129DA5CED006FB775 /* AppSearchResultListViewController.swift */,
			);
			path = AppSearchResult;
			sourceTree = "<group>";
		};
		90B2796229DA5CED006FB775 /* View */ = {
			isa = PBXGroup;
			children = (
				904DAD6A2A94B270007BCC56 /* AppSearchResultListView.swift */,
				90661A022AA0463100547FFC /* AppScreenshotView.swift */,
				90B2796329DA5CED006FB775 /* AppSearchResultListTableViewCell.swift */,
				903771882AA2A5590003AF55 /* AppInfoSummaryView.swift */,
			);
			path = View;
			sourceTree = "<group>";
		};
		90B2796429DA5CED006FB775 /* CustomView */ = {
			isa = PBXGroup;
			children = (
				90B2796729DA5CED006FB775 /* RoundedButtonView.swift */,
				90B2796829DA5CED006FB775 /* StarRatingView.swift */,
				90E65DA92AA8BD660061FA6F /* StarRatingImageView.swift */,
			);
			path = CustomView;
			sourceTree = "<group>";
		};
		90B2796929DA5CED006FB775 /* RecentKeyword */ = {
			isa = PBXGroup;
			children = (
				90B2796E29DA5CED006FB775 /* RecentKeywordListViewController.swift */,
			);
			path = RecentKeyword;
			sourceTree = "<group>";
		};
		90B2797129DA5CED006FB775 /* AppDescription */ = {
			isa = PBXGroup;
			children = (
				90B2797229DA5CED006FB775 /* AppDescriptionViewController.swift */,
			);
			path = AppDescription;
			sourceTree = "<group>";
		};
		90B2797329DA5CED006FB775 /* Flow */ = {
			isa = PBXGroup;
			children = (
				90B2797529DA5CED006FB775 /* AppCoordinator.swift */,
				90B2797629DA5CED006FB775 /* SearchCoordinator.swift */,
			);
			path = Flow;
			sourceTree = "<group>";
		};
		90B279BE29DA5CF7006FB775 /* AppStoreSearchingTests */ = {
			isa = PBXGroup;
			children = (
				904DAD4C2A9486A5007BCC56 /* ObjectMother */,
				904DAD4B2A94869D007BCC56 /* Mock */,
				904DAD4A2A948695007BCC56 /* DTOTests */,
				904DAD4D2A9486F0007BCC56 /* DataSourceTests */,
				904DAD4E2A9486FF007BCC56 /* RepositoryTests */,
				904DAD4F2A948705007BCC56 /* UseCaseTests */,
				904DAD502A94870D007BCC56 /* ViewModelTests */,
			);
			path = AppStoreSearchingTests;
			sourceTree = "<group>";
		};
		90B279E529DA5D1B006FB775 /* Extensions */ = {
			isa = PBXGroup;
			children = (
				90B2790B29DA5CED006FB775 /* Int+Extensions.swift */,
				90B2791029DA5CED006FB775 /* UIColor+Extensions.swift */,
				90B2791E29DA5CED006FB775 /* UILabel+Extensions.swift */,
			);
			path = Extensions;
			sourceTree = "<group>";
		};
/* End PBXGroup section */

/* Begin PBXNativeTarget section */
		90500FC829C53E4200F017FF /* AppStoreSearching */ = {
			isa = PBXNativeTarget;
			buildConfigurationList = 90500FDD29C53E4300F017FF /* Build configuration list for PBXNativeTarget "AppStoreSearching" */;
			buildPhases = (
				90500FC529C53E4200F017FF /* Sources */,
				90500FC629C53E4200F017FF /* Frameworks */,
				90500FC729C53E4200F017FF /* Resources */,
			);
			buildRules = (
			);
			dependencies = (
			);
			name = AppStoreSearching;
			productName = KakaoBankSubject;
			productReference = 90500FC929C53E4200F017FF /* AppStoreSearching.app */;
			productType = "com.apple.product-type.application";
		};
		908E9A4C29C9CF3400231ECD /* AppStoreSearchingTests */ = {
			isa = PBXNativeTarget;
			buildConfigurationList = 908E9A5329C9CF3400231ECD /* Build configuration list for PBXNativeTarget "AppStoreSearchingTests" */;
			buildPhases = (
				908E9A4929C9CF3400231ECD /* Sources */,
				908E9A4A29C9CF3400231ECD /* Frameworks */,
				908E9A4B29C9CF3400231ECD /* Resources */,
			);
			buildRules = (
			);
			dependencies = (
				908E9A5229C9CF3400231ECD /* PBXTargetDependency */,
			);
			name = AppStoreSearchingTests;
			productName = KakaoBankSubjectTests;
			productReference = 908E9A4D29C9CF3400231ECD /* AppStoreSearchingTests.xctest */;
			productType = "com.apple.product-type.bundle.unit-test";
		};
/* End PBXNativeTarget section */

/* Begin PBXProject section */
		90500FC129C53E4200F017FF /* Project object */ = {
			isa = PBXProject;
			attributes = {
				BuildIndependentTargetsInParallel = 1;
				LastSwiftUpdateCheck = 1420;
				LastUpgradeCheck = 1430;
				TargetAttributes = {
					90500FC829C53E4200F017FF = {
						CreatedOnToolsVersion = 14.2;
					};
					908E9A4C29C9CF3400231ECD = {
						CreatedOnToolsVersion = 14.2;
						LastSwiftMigration = 1430;
						TestTargetID = 90500FC829C53E4200F017FF;
					};
				};
			};
			buildConfigurationList = 90500FC429C53E4200F017FF /* Build configuration list for PBXProject "AppStoreSearching" */;
			compatibilityVersion = "Xcode 14.0";
			developmentRegion = en;
			hasScannedForEncodings = 0;
			knownRegions = (
				en,
				Base,
			);
			mainGroup = 90500FC029C53E4200F017FF;
			productRefGroup = 90500FCA29C53E4200F017FF /* Products */;
			projectDirPath = "";
			projectRoot = "";
			targets = (
				90500FC829C53E4200F017FF /* AppStoreSearching */,
				908E9A4C29C9CF3400231ECD /* AppStoreSearchingTests */,
			);
		};
/* End PBXProject section */

/* Begin PBXResourcesBuildPhase section */
		90500FC729C53E4200F017FF /* Resources */ = {
			isa = PBXResourcesBuildPhase;
			buildActionMask = 2147483647;
			files = (
				90B2798129DA5CED006FB775 /* Assets.xcassets in Resources */,
				90B2798229DA5CED006FB775 /* LaunchScreen.storyboard in Resources */,
			);
			runOnlyForDeploymentPostprocessing = 0;
		};
		908E9A4B29C9CF3400231ECD /* Resources */ = {
			isa = PBXResourcesBuildPhase;
			buildActionMask = 2147483647;
			files = (
			);
			runOnlyForDeploymentPostprocessing = 0;
		};
/* End PBXResourcesBuildPhase section */

/* Begin PBXSourcesBuildPhase section */
		90500FC529C53E4200F017FF /* Sources */ = {
			isa = PBXSourcesBuildPhase;
			buildActionMask = 2147483647;
			files = (
				90B279AB29DA5CED006FB775 /* SearchResultContainerViewController.swift in Sources */,
				904DACFD2A932B3A007BCC56 /* Dictionary.swift in Sources */,
				904DACFB2A932A9C007BCC56 /* Encodable.swift in Sources */,
				904DAD192A9331B0007BCC56 /* UIApplication.swift in Sources */,
				904DAD3E2A945496007BCC56 /* BaseViewController.swift in Sources */,
				904DAD392A9453A2007BCC56 /* AppSearchItemModel.swift in Sources */,
				904DAD0B2A93310B007BCC56 /* AppSearchItemResponseDTO.swift in Sources */,
				90B279BA29DA5CED006FB775 /* AppCoordinator.swift in Sources */,
				90B2799829DA5CED006FB775 /* NetworkError.swift in Sources */,
				90B2798829DA5CED006FB775 /* AlertControllerBulider.swift in Sources */,
				90B2799929DA5CED006FB775 /* AppSearchRepository.swift in Sources */,
				904DAD692A9489F7007BCC56 /* AppSearchItemResponseDTOMock.swift in Sources */,
				904DAD132A93317A007BCC56 /* Int.swift in Sources */,
				90B279B629DA5CED006FB775 /* RecentKeywordListViewController.swift in Sources */,
				90B279BB29DA5CED006FB775 /* SearchCoordinator.swift in Sources */,
				904DAD402A9454B2007BCC56 /* BaseView.swift in Sources */,
				904DAD312A945345007BCC56 /* ResultState.swift in Sources */,
				904DAD022A933023007BCC56 /* RecentKeywordStorage.swift in Sources */,
				904DAD202A933A51007BCC56 /* AppSearchEntity.swift in Sources */,
				90B2798929DA5CED006FB775 /* UILabel+Extensions.swift in Sources */,
				904DAD5D2A9488F6007BCC56 /* AppSearchModelMock.swift in Sources */,
				904DAD1C2A933228007BCC56 /* AppSearchRequestDTO.swift in Sources */,
				90B279B729DA5CED006FB775 /* RecentAppSearchTableViewCell.swift in Sources */,
				904DAD152A93318A007BCC56 /* Double.swift in Sources */,
				90B279BD29DA5CED006FB775 /* ContentStateViewController.swift in Sources */,
				90B279B329DA5CED006FB775 /* StarRatingView.swift in Sources */,
				90E65DA82AA842B60061FA6F /* AppGenreModel.swift in Sources */,
				904DAD662A9489CD007BCC56 /* AppSearchResponseDTOMock.swift in Sources */,
				904DAD1E2A933660007BCC56 /* AppSearchAPIEndpoint.swift in Sources */,
				90B279B829DA5CED006FB775 /* AppDescriptionViewController.swift in Sources */,
				90B279BC29DA5CED006FB775 /* ReusableCells.swift in Sources */,
				904DAD352A945371007BCC56 /* AppSearchModel.swift in Sources */,
				90B2797F29DA5CED006FB775 /* UIColor+Extensions.swift in Sources */,
				904DAD452A946572007BCC56 /* CachedAsyncImageView.swift in Sources */,
				904DAD0F2A93313C007BCC56 /* AppLanguageCodeEntity.swift in Sources */,
				904DAD072A9330D8007BCC56 /* AppSearchDataSource.swift in Sources */,
				904DAD332A945356007BCC56 /* CoverType.swift in Sources */,
				904DAD422A9463B4007BCC56 /* AppDetailViewModel.swift in Sources */,
				90B2799629DA5CED006FB775 /* NetworkSessionManager.swift in Sources */,
				90B2798D29DA5CED006FB775 /* SceneDelegate.swift in Sources */,
				904DAD2B2A945300007BCC56 /* AppSearchViewModel.swift in Sources */,
				904DAD222A934887007BCC56 /* RecentKeywordRepository.swift in Sources */,
				90B2798729DA5CED006FB775 /* AnyCancellableTask.swift in Sources */,
				90E65DAA2AA8BD660061FA6F /* StarRatingImageView.swift in Sources */,
				904DAD492A9481EE007BCC56 /* AppSearchView.swift in Sources */,
				90B2798C29DA5CED006FB775 /* AppDelegate.swift in Sources */,
				90B2798429DA5CED006FB775 /* ImageCacheManager.swift in Sources */,
				90B2798529DA5CED006FB775 /* AnyCancelTaskBag.swift in Sources */,
				90B279AF29DA5CED006FB775 /* AppSearchResultListTableViewCell.swift in Sources */,
				90B2797C29DA5CED006FB775 /* UIViewController.swift in Sources */,
				904DAD292A934A3C007BCC56 /* AppSearchError.swift in Sources */,
				903771892AA2A5590003AF55 /* AppInfoSummaryView.swift in Sources */,
				90B2799229DA5CED006FB775 /* HTTPMethod.swift in Sources */,
				904DAD472A946648007BCC56 /* CachedImageInfo.swift in Sources */,
				90B2797D29DA5CED006FB775 /* UIView.swift in Sources */,
				904DAD5A2A948868007BCC56 /* AppSearchItemModelMock.swift in Sources */,
				90B2799129DA5CED006FB775 /* Requestable.swift in Sources */,
				90B279AE29DA5CED006FB775 /* AppSearchResultListViewController.swift in Sources */,
				90B279A929DA5CED006FB775 /* AppSearchViewController.swift in Sources */,
				904DAD092A9330F2007BCC56 /* AppSearchResponseDTO.swift in Sources */,
				90661A032AA0463100547FFC /* AppScreenshotView.swift in Sources */,
				904DAD272A9349FC007BCC56 /* AppSearchUseCase.swift in Sources */,
				90B2798F29DA5CED006FB775 /* NetworkService.swift in Sources */,
				904DAD2F2A945330007BCC56 /* AppSearchModelMapper.swift in Sources */,
				90B279A529DA5CED006FB775 /* AppDetailViewController.swift in Sources */,
				904DAD112A933171007BCC56 /* UIDevice.swift in Sources */,
				904DAD242A93489E007BCC56 /* RecentKeywordRepositoryInterface.swift in Sources */,
				90B279A629DA5CED006FB775 /* AppDetailScreenshotCollectionViewCell.swift in Sources */,
				904DAD372A945385007BCC56 /* AppLanguageModel.swift in Sources */,
				90B2799D29DA5CED006FB775 /* AppSearchRepositoryInterface.swift in Sources */,
				904DAD6B2A94B270007BCC56 /* AppSearchResultListView.swift in Sources */,
				904DAD632A948987007BCC56 /* AppSearchItemEntityMock.swift in Sources */,
				904DAD172A933195007BCC56 /* String.swift in Sources */,
				90B2797A29DA5CED006FB775 /* Int+Extensions.swift in Sources */,
				90B279B229DA5CED006FB775 /* RoundedButtonView.swift in Sources */,
				904DAD3C2A94547B007BCC56 /* BaseProtocol.swift in Sources */,
				904DAD042A933045007BCC56 /* Array.swift in Sources */,
				904DAD602A948955007BCC56 /* AppSearchEntityMock.swift in Sources */,
				904DAD0D2A93311F007BCC56 /* AppSearchItemEntity.swift in Sources */,
				90B2799529DA5CED006FB775 /* Endpoint.swift in Sources */,
			);
			runOnlyForDeploymentPostprocessing = 0;
		};
		908E9A4929C9CF3400231ECD /* Sources */ = {
			isa = PBXSourcesBuildPhase;
			buildActionMask = 2147483647;
			files = (
				904DAD592A948858007BCC56 /* AppSearchItemModelMock.swift in Sources */,
				904DAD622A948980007BCC56 /* AppSearchItemEntityMock.swift in Sources */,
				904DAD652A9489C9007BCC56 /* AppSearchResponseDTOMock.swift in Sources */,
				904DAD682A9489F4007BCC56 /* AppSearchItemResponseDTOMock.swift in Sources */,
				904DAD5C2A9488F0007BCC56 /* AppSearchModelMock.swift in Sources */,
				904DAD5F2A948947007BCC56 /* AppSearchEntityMock.swift in Sources */,
			);
			runOnlyForDeploymentPostprocessing = 0;
		};
/* End PBXSourcesBuildPhase section */

/* Begin PBXTargetDependency section */
		908E9A5229C9CF3400231ECD /* PBXTargetDependency */ = {
			isa = PBXTargetDependency;
			target = 90500FC829C53E4200F017FF /* AppStoreSearching */;
			targetProxy = 908E9A5129C9CF3400231ECD /* PBXContainerItemProxy */;
		};
/* End PBXTargetDependency section */

/* Begin PBXVariantGroup section */
		90B2791429DA5CED006FB775 /* LaunchScreen.storyboard */ = {
			isa = PBXVariantGroup;
			children = (
				90B2791529DA5CED006FB775 /* Base */,
			);
			name = LaunchScreen.storyboard;
			sourceTree = "<group>";
		};
/* End PBXVariantGroup section */

/* Begin XCBuildConfiguration section */
		90500FDB29C53E4300F017FF /* Debug */ = {
			isa = XCBuildConfiguration;
			buildSettings = {
				ALWAYS_SEARCH_USER_PATHS = NO;
				API_BaseURL = "https://itunes.apple.com";
				CLANG_ANALYZER_NONNULL = YES;
				CLANG_ANALYZER_NUMBER_OBJECT_CONVERSION = YES_AGGRESSIVE;
				CLANG_CXX_LANGUAGE_STANDARD = "gnu++20";
				CLANG_ENABLE_MODULES = YES;
				CLANG_ENABLE_OBJC_ARC = YES;
				CLANG_ENABLE_OBJC_WEAK = YES;
				CLANG_WARN_BLOCK_CAPTURE_AUTORELEASING = YES;
				CLANG_WARN_BOOL_CONVERSION = YES;
				CLANG_WARN_COMMA = YES;
				CLANG_WARN_CONSTANT_CONVERSION = YES;
				CLANG_WARN_DEPRECATED_OBJC_IMPLEMENTATIONS = YES;
				CLANG_WARN_DIRECT_OBJC_ISA_USAGE = YES_ERROR;
				CLANG_WARN_DOCUMENTATION_COMMENTS = YES;
				CLANG_WARN_EMPTY_BODY = YES;
				CLANG_WARN_ENUM_CONVERSION = YES;
				CLANG_WARN_INFINITE_RECURSION = YES;
				CLANG_WARN_INT_CONVERSION = YES;
				CLANG_WARN_NON_LITERAL_NULL_CONVERSION = YES;
				CLANG_WARN_OBJC_IMPLICIT_RETAIN_SELF = YES;
				CLANG_WARN_OBJC_LITERAL_CONVERSION = YES;
				CLANG_WARN_OBJC_ROOT_CLASS = YES_ERROR;
				CLANG_WARN_QUOTED_INCLUDE_IN_FRAMEWORK_HEADER = YES;
				CLANG_WARN_RANGE_LOOP_ANALYSIS = YES;
				CLANG_WARN_STRICT_PROTOTYPES = YES;
				CLANG_WARN_SUSPICIOUS_MOVE = YES;
				CLANG_WARN_UNGUARDED_AVAILABILITY = YES_AGGRESSIVE;
				CLANG_WARN_UNREACHABLE_CODE = YES;
				CLANG_WARN__DUPLICATE_METHOD_MATCH = YES;
				COPY_PHASE_STRIP = NO;
				DEBUG_INFORMATION_FORMAT = dwarf;
				ENABLE_STRICT_OBJC_MSGSEND = YES;
				ENABLE_TESTABILITY = YES;
				GCC_C_LANGUAGE_STANDARD = gnu11;
				GCC_DYNAMIC_NO_PIC = NO;
				GCC_NO_COMMON_BLOCKS = YES;
				GCC_OPTIMIZATION_LEVEL = 0;
				GCC_PREPROCESSOR_DEFINITIONS = (
					"DEBUG=1",
					"$(inherited)",
				);
				GCC_WARN_64_TO_32_BIT_CONVERSION = YES;
				GCC_WARN_ABOUT_RETURN_TYPE = YES_ERROR;
				GCC_WARN_UNDECLARED_SELECTOR = YES;
				GCC_WARN_UNINITIALIZED_AUTOS = YES_AGGRESSIVE;
				GCC_WARN_UNUSED_FUNCTION = YES;
				GCC_WARN_UNUSED_VARIABLE = YES;
				IPHONEOS_DEPLOYMENT_TARGET = 13.0;
				MTL_ENABLE_DEBUG_INFO = INCLUDE_SOURCE;
				MTL_FAST_MATH = YES;
				ONLY_ACTIVE_ARCH = YES;
				SDKROOT = iphoneos;
				SWIFT_ACTIVE_COMPILATION_CONDITIONS = DEBUG;
				SWIFT_OPTIMIZATION_LEVEL = "-Onone";
			};
			name = Debug;
		};
		90500FDC29C53E4300F017FF /* Release */ = {
			isa = XCBuildConfiguration;
			buildSettings = {
				ALWAYS_SEARCH_USER_PATHS = NO;
				API_BaseURL = "https://itunes.apple.com";
				CLANG_ANALYZER_NONNULL = YES;
				CLANG_ANALYZER_NUMBER_OBJECT_CONVERSION = YES_AGGRESSIVE;
				CLANG_CXX_LANGUAGE_STANDARD = "gnu++20";
				CLANG_ENABLE_MODULES = YES;
				CLANG_ENABLE_OBJC_ARC = YES;
				CLANG_ENABLE_OBJC_WEAK = YES;
				CLANG_WARN_BLOCK_CAPTURE_AUTORELEASING = YES;
				CLANG_WARN_BOOL_CONVERSION = YES;
				CLANG_WARN_COMMA = YES;
				CLANG_WARN_CONSTANT_CONVERSION = YES;
				CLANG_WARN_DEPRECATED_OBJC_IMPLEMENTATIONS = YES;
				CLANG_WARN_DIRECT_OBJC_ISA_USAGE = YES_ERROR;
				CLANG_WARN_DOCUMENTATION_COMMENTS = YES;
				CLANG_WARN_EMPTY_BODY = YES;
				CLANG_WARN_ENUM_CONVERSION = YES;
				CLANG_WARN_INFINITE_RECURSION = YES;
				CLANG_WARN_INT_CONVERSION = YES;
				CLANG_WARN_NON_LITERAL_NULL_CONVERSION = YES;
				CLANG_WARN_OBJC_IMPLICIT_RETAIN_SELF = YES;
				CLANG_WARN_OBJC_LITERAL_CONVERSION = YES;
				CLANG_WARN_OBJC_ROOT_CLASS = YES_ERROR;
				CLANG_WARN_QUOTED_INCLUDE_IN_FRAMEWORK_HEADER = YES;
				CLANG_WARN_RANGE_LOOP_ANALYSIS = YES;
				CLANG_WARN_STRICT_PROTOTYPES = YES;
				CLANG_WARN_SUSPICIOUS_MOVE = YES;
				CLANG_WARN_UNGUARDED_AVAILABILITY = YES_AGGRESSIVE;
				CLANG_WARN_UNREACHABLE_CODE = YES;
				CLANG_WARN__DUPLICATE_METHOD_MATCH = YES;
				COPY_PHASE_STRIP = NO;
				DEBUG_INFORMATION_FORMAT = "dwarf-with-dsym";
				ENABLE_NS_ASSERTIONS = NO;
				ENABLE_STRICT_OBJC_MSGSEND = YES;
				GCC_C_LANGUAGE_STANDARD = gnu11;
				GCC_NO_COMMON_BLOCKS = YES;
				GCC_WARN_64_TO_32_BIT_CONVERSION = YES;
				GCC_WARN_ABOUT_RETURN_TYPE = YES_ERROR;
				GCC_WARN_UNDECLARED_SELECTOR = YES;
				GCC_WARN_UNINITIALIZED_AUTOS = YES_AGGRESSIVE;
				GCC_WARN_UNUSED_FUNCTION = YES;
				GCC_WARN_UNUSED_VARIABLE = YES;
				IPHONEOS_DEPLOYMENT_TARGET = 13.0;
				MTL_ENABLE_DEBUG_INFO = NO;
				MTL_FAST_MATH = YES;
				SDKROOT = iphoneos;
				SWIFT_COMPILATION_MODE = wholemodule;
				SWIFT_OPTIMIZATION_LEVEL = "-O";
				VALIDATE_PRODUCT = YES;
			};
			name = Release;
		};
		90500FDE29C53E4300F017FF /* Debug */ = {
			isa = XCBuildConfiguration;
			buildSettings = {
				API_BaseURL = "https://itunes.apple.com";
				ASSETCATALOG_COMPILER_APPICON_NAME = AppIcon;
				ASSETCATALOG_COMPILER_GLOBAL_ACCENT_COLOR_NAME = AccentColor;
				CODE_SIGN_STYLE = Automatic;
				CURRENT_PROJECT_VERSION = 1;
				DEVELOPMENT_TEAM = GDKDK6KP5Z;
				GENERATE_INFOPLIST_FILE = YES;
				INFOPLIST_FILE = AppStoreSearching/Resources/Info.plist;
				INFOPLIST_KEY_UIApplicationSupportsIndirectInputEvents = YES;
				INFOPLIST_KEY_UILaunchStoryboardName = LaunchScreen;
				INFOPLIST_KEY_UISupportedInterfaceOrientations_iPad = "UIInterfaceOrientationPortrait UIInterfaceOrientationPortraitUpsideDown UIInterfaceOrientationLandscapeLeft UIInterfaceOrientationLandscapeRight";
				INFOPLIST_KEY_UISupportedInterfaceOrientations_iPhone = "UIInterfaceOrientationPortrait UIInterfaceOrientationLandscapeLeft UIInterfaceOrientationLandscapeRight";
				IPHONEOS_DEPLOYMENT_TARGET = 13.0;
				LD_RUNPATH_SEARCH_PATHS = (
					"$(inherited)",
					"@executable_path/Frameworks",
				);
				MARKETING_VERSION = 1.0;
				PRODUCT_BUNDLE_IDENTIFIER = com.AppStoreSearching.subject;
				PRODUCT_NAME = "$(TARGET_NAME)";
				SWIFT_EMIT_LOC_STRINGS = YES;
				SWIFT_VERSION = 5.0;
				TARGETED_DEVICE_FAMILY = "1,2";
			};
			name = Debug;
		};
		90500FDF29C53E4300F017FF /* Release */ = {
			isa = XCBuildConfiguration;
			buildSettings = {
				API_BaseURL = "https://itunes.apple.com";
				ASSETCATALOG_COMPILER_APPICON_NAME = AppIcon;
				ASSETCATALOG_COMPILER_GLOBAL_ACCENT_COLOR_NAME = AccentColor;
				CODE_SIGN_STYLE = Automatic;
				CURRENT_PROJECT_VERSION = 1;
				DEVELOPMENT_TEAM = GDKDK6KP5Z;
				GENERATE_INFOPLIST_FILE = YES;
				INFOPLIST_FILE = AppStoreSearching/Resources/Info.plist;
				INFOPLIST_KEY_UIApplicationSupportsIndirectInputEvents = YES;
				INFOPLIST_KEY_UILaunchStoryboardName = LaunchScreen;
				INFOPLIST_KEY_UISupportedInterfaceOrientations_iPad = "UIInterfaceOrientationPortrait UIInterfaceOrientationPortraitUpsideDown UIInterfaceOrientationLandscapeLeft UIInterfaceOrientationLandscapeRight";
				INFOPLIST_KEY_UISupportedInterfaceOrientations_iPhone = "UIInterfaceOrientationPortrait UIInterfaceOrientationLandscapeLeft UIInterfaceOrientationLandscapeRight";
				IPHONEOS_DEPLOYMENT_TARGET = 13.0;
				LD_RUNPATH_SEARCH_PATHS = (
					"$(inherited)",
					"@executable_path/Frameworks",
				);
				MARKETING_VERSION = 1.0;
				PRODUCT_BUNDLE_IDENTIFIER = com.AppStoreSearching.subject;
				PRODUCT_NAME = "$(TARGET_NAME)";
				SWIFT_EMIT_LOC_STRINGS = YES;
				SWIFT_VERSION = 5.0;
				TARGETED_DEVICE_FAMILY = "1,2";
			};
			name = Release;
		};
		908E9A5429C9CF3400231ECD /* Debug */ = {
			isa = XCBuildConfiguration;
			buildSettings = {
				ALWAYS_EMBED_SWIFT_STANDARD_LIBRARIES = YES;
				BUNDLE_LOADER = "$(TEST_HOST)";
				CLANG_ENABLE_MODULES = YES;
				CODE_SIGN_STYLE = Automatic;
				CURRENT_PROJECT_VERSION = 1;
				DEAD_CODE_STRIPPING = YES;
				DEVELOPMENT_TEAM = GDKDK6KP5Z;
				GENERATE_INFOPLIST_FILE = YES;
				IPHONEOS_DEPLOYMENT_TARGET = 13.0;
				MACOSX_DEPLOYMENT_TARGET = 13.1;
				MARKETING_VERSION = 1.0;
				PRODUCT_BUNDLE_IDENTIFIER = com.AppStoreSearching.subject;
				PRODUCT_NAME = "$(TARGET_NAME)";
				SDKROOT = auto;
				SUPPORTED_PLATFORMS = "iphoneos iphonesimulator macosx";
				SWIFT_EMIT_LOC_STRINGS = NO;
				SWIFT_OPTIMIZATION_LEVEL = "-Onone";
				SWIFT_VERSION = 5.0;
				TARGETED_DEVICE_FAMILY = "1,2";
				TEST_HOST = "$(BUILT_PRODUCTS_DIR)/AppStoreSearching.app/$(BUNDLE_EXECUTABLE_FOLDER_PATH)/AppStoreSearching";
			};
			name = Debug;
		};
		908E9A5529C9CF3400231ECD /* Release */ = {
			isa = XCBuildConfiguration;
			buildSettings = {
				ALWAYS_EMBED_SWIFT_STANDARD_LIBRARIES = YES;
				BUNDLE_LOADER = "$(TEST_HOST)";
				CLANG_ENABLE_MODULES = YES;
				CODE_SIGN_STYLE = Automatic;
				CURRENT_PROJECT_VERSION = 1;
				DEAD_CODE_STRIPPING = YES;
				DEVELOPMENT_TEAM = GDKDK6KP5Z;
				GENERATE_INFOPLIST_FILE = YES;
				IPHONEOS_DEPLOYMENT_TARGET = 13.0;
				MACOSX_DEPLOYMENT_TARGET = 13.1;
				MARKETING_VERSION = 1.0;
				PRODUCT_BUNDLE_IDENTIFIER = com.AppStoreSearching.subject;
				PRODUCT_NAME = "$(TARGET_NAME)";
				SDKROOT = auto;
				SUPPORTED_PLATFORMS = "iphoneos iphonesimulator macosx";
				SWIFT_EMIT_LOC_STRINGS = NO;
				SWIFT_VERSION = 5.0;
				TARGETED_DEVICE_FAMILY = "1,2";
				TEST_HOST = "$(BUILT_PRODUCTS_DIR)/AppStoreSearching.app/$(BUNDLE_EXECUTABLE_FOLDER_PATH)/AppStoreSearching";
			};
			name = Release;
		};
/* End XCBuildConfiguration section */

/* Begin XCConfigurationList section */
		90500FC429C53E4200F017FF /* Build configuration list for PBXProject "AppStoreSearching" */ = {
			isa = XCConfigurationList;
			buildConfigurations = (
				90500FDB29C53E4300F017FF /* Debug */,
				90500FDC29C53E4300F017FF /* Release */,
			);
			defaultConfigurationIsVisible = 0;
			defaultConfigurationName = Release;
		};
		90500FDD29C53E4300F017FF /* Build configuration list for PBXNativeTarget "AppStoreSearching" */ = {
			isa = XCConfigurationList;
			buildConfigurations = (
				90500FDE29C53E4300F017FF /* Debug */,
				90500FDF29C53E4300F017FF /* Release */,
			);
			defaultConfigurationIsVisible = 0;
			defaultConfigurationName = Release;
		};
		908E9A5329C9CF3400231ECD /* Build configuration list for PBXNativeTarget "AppStoreSearchingTests" */ = {
			isa = XCConfigurationList;
			buildConfigurations = (
				908E9A5429C9CF3400231ECD /* Debug */,
				908E9A5529C9CF3400231ECD /* Release */,
			);
			defaultConfigurationIsVisible = 0;
			defaultConfigurationName = Release;
		};
/* End XCConfigurationList section */
	};
	rootObject = 90500FC129C53E4200F017FF /* Project object */;
}
