// !$*UTF8*$!
{
	archiveVersion = 1;
	classes = {
	};
	objectVersion = 56;
	objects = {

/* Begin PBXBuildFile section */
		90500FCD29C53E4200F017FF /* AppDelegate.swift in Sources */ = {isa = PBXBuildFile; fileRef = 90500FCC29C53E4200F017FF /* AppDelegate.swift */; };
		90500FCF29C53E4200F017FF /* SceneDelegate.swift in Sources */ = {isa = PBXBuildFile; fileRef = 90500FCE29C53E4200F017FF /* SceneDelegate.swift */; };
		90500FD129C53E4200F017FF /* MainTabBarViewController.swift in Sources */ = {isa = PBXBuildFile; fileRef = 90500FD029C53E4200F017FF /* MainTabBarViewController.swift */; };
		90500FD629C53E4300F017FF /* Assets.xcassets in Resources */ = {isa = PBXBuildFile; fileRef = 90500FD529C53E4300F017FF /* Assets.xcassets */; };
		90500FD929C53E4300F017FF /* LaunchScreen.storyboard in Resources */ = {isa = PBXBuildFile; fileRef = 90500FD729C53E4300F017FF /* LaunchScreen.storyboard */; };
		90500FF129C5524300F017FF /* HTTPMethod.swift in Sources */ = {isa = PBXBuildFile; fileRef = 90500FEE29C551DD00F017FF /* HTTPMethod.swift */; };
		9050100E29C555C800F017FF /* BodyEncoding.swift in Sources */ = {isa = PBXBuildFile; fileRef = 9050100929C555C800F017FF /* BodyEncoding.swift */; };
		9050100F29C555C800F017FF /* ApiDataNetworkConfiguration.swift in Sources */ = {isa = PBXBuildFile; fileRef = 9050100A29C555C800F017FF /* ApiDataNetworkConfiguration.swift */; };
		9050101029C555C800F017FF /* Requestable.swift in Sources */ = {isa = PBXBuildFile; fileRef = 9050100B29C555C800F017FF /* Requestable.swift */; };
		9050101129C555C800F017FF /* Endpoint.swift in Sources */ = {isa = PBXBuildFile; fileRef = 9050100C29C555C800F017FF /* Endpoint.swift */; };
		9050101229C555C800F017FF /* ResponseDecoder.swift in Sources */ = {isa = PBXBuildFile; fileRef = 9050100D29C555C800F017FF /* ResponseDecoder.swift */; };
		9050101529C555D900F017FF /* DataTransferError.swift in Sources */ = {isa = PBXBuildFile; fileRef = 9050101329C555D900F017FF /* DataTransferError.swift */; };
		9050101629C555D900F017FF /* NetworkError.swift in Sources */ = {isa = PBXBuildFile; fileRef = 9050101429C555D900F017FF /* NetworkError.swift */; };
		9050101B29C555E000F017FF /* AnyCancelTaskBag.swift in Sources */ = {isa = PBXBuildFile; fileRef = 9050101729C555E000F017FF /* AnyCancelTaskBag.swift */; };
		9050101C29C555E000F017FF /* AnyCancellableTask.swift in Sources */ = {isa = PBXBuildFile; fileRef = 9050101829C555E000F017FF /* AnyCancellableTask.swift */; };
		9050101D29C555E000F017FF /* AlertControllerBulider.swift in Sources */ = {isa = PBXBuildFile; fileRef = 9050101929C555E000F017FF /* AlertControllerBulider.swift */; };
		9050101E29C555E000F017FF /* ConnectionError.swift in Sources */ = {isa = PBXBuildFile; fileRef = 9050101A29C555E000F017FF /* ConnectionError.swift */; };
		9050102029C55DF800F017FF /* AppConfiguration.swift in Sources */ = {isa = PBXBuildFile; fileRef = 9050101F29C55DF800F017FF /* AppConfiguration.swift */; };
		9050102229C55E9D00F017FF /* AppFlowCoordinator.swift in Sources */ = {isa = PBXBuildFile; fileRef = 9050102129C55E9D00F017FF /* AppFlowCoordinator.swift */; };
		9050102829C55F0700F017FF /* AppStoreMainFlowCoordinator.swift in Sources */ = {isa = PBXBuildFile; fileRef = 9050102729C55F0700F017FF /* AppStoreMainFlowCoordinator.swift */; };
		9050103129C560D200F017FF /* EmptyViewController.swift in Sources */ = {isa = PBXBuildFile; fileRef = 9050103029C560D200F017FF /* EmptyViewController.swift */; };
		9050103429C5621400F017FF /* RecentSearchViewController.swift in Sources */ = {isa = PBXBuildFile; fileRef = 9050103329C5621400F017FF /* RecentSearchViewController.swift */; };
		9050103929C5625300F017FF /* RecentSearchViewModelActions.swift in Sources */ = {isa = PBXBuildFile; fileRef = 9050103829C5625300F017FF /* RecentSearchViewModelActions.swift */; };
		9050103C29C5639700F017FF /* AppDIContainer.swift in Sources */ = {isa = PBXBuildFile; fileRef = 9050103B29C5639700F017FF /* AppDIContainer.swift */; };
		9050103E29C563E500F017FF /* AppStoreSceneDIContainer.swift in Sources */ = {isa = PBXBuildFile; fileRef = 9050103D29C563E500F017FF /* AppStoreSceneDIContainer.swift */; };
		9050104029C57B8500F017FF /* DataTransferService.swift in Sources */ = {isa = PBXBuildFile; fileRef = 9050103F29C57B8500F017FF /* DataTransferService.swift */; };
		9050104229C57BBF00F017FF /* NetworkService.swift in Sources */ = {isa = PBXBuildFile; fileRef = 9050104129C57BBF00F017FF /* NetworkService.swift */; };
		9050104429C57BD400F017FF /* NetworkSessionManager.swift in Sources */ = {isa = PBXBuildFile; fileRef = 9050104329C57BD400F017FF /* NetworkSessionManager.swift */; };
		9050104629C5989000F017FF /* TabBarModuleBuilder.swift in Sources */ = {isa = PBXBuildFile; fileRef = 9050104529C5989000F017FF /* TabBarModuleBuilder.swift */; };
		9050104829C598AF00F017FF /* TabBarRouter.swift in Sources */ = {isa = PBXBuildFile; fileRef = 9050104729C598AF00F017FF /* TabBarRouter.swift */; };
/* End PBXBuildFile section */

/* Begin PBXFileReference section */
		90500FC929C53E4200F017FF /* KakaoBankSubject.app */ = {isa = PBXFileReference; explicitFileType = wrapper.application; includeInIndex = 0; path = KakaoBankSubject.app; sourceTree = BUILT_PRODUCTS_DIR; };
		90500FCC29C53E4200F017FF /* AppDelegate.swift */ = {isa = PBXFileReference; lastKnownFileType = sourcecode.swift; path = AppDelegate.swift; sourceTree = "<group>"; };
		90500FCE29C53E4200F017FF /* SceneDelegate.swift */ = {isa = PBXFileReference; lastKnownFileType = sourcecode.swift; path = SceneDelegate.swift; sourceTree = "<group>"; };
		90500FD029C53E4200F017FF /* MainTabBarViewController.swift */ = {isa = PBXFileReference; lastKnownFileType = sourcecode.swift; path = MainTabBarViewController.swift; sourceTree = "<group>"; };
		90500FD529C53E4300F017FF /* Assets.xcassets */ = {isa = PBXFileReference; lastKnownFileType = folder.assetcatalog; path = Assets.xcassets; sourceTree = "<group>"; };
		90500FD829C53E4300F017FF /* Base */ = {isa = PBXFileReference; lastKnownFileType = file.storyboard; name = Base; path = Base.lproj/LaunchScreen.storyboard; sourceTree = "<group>"; };
		90500FDA29C53E4300F017FF /* Info.plist */ = {isa = PBXFileReference; lastKnownFileType = text.plist.xml; path = Info.plist; sourceTree = "<group>"; };
		90500FEE29C551DD00F017FF /* HTTPMethod.swift */ = {isa = PBXFileReference; lastKnownFileType = sourcecode.swift; path = HTTPMethod.swift; sourceTree = "<group>"; };
		9050100929C555C800F017FF /* BodyEncoding.swift */ = {isa = PBXFileReference; fileEncoding = 4; lastKnownFileType = sourcecode.swift; path = BodyEncoding.swift; sourceTree = "<group>"; };
		9050100A29C555C800F017FF /* ApiDataNetworkConfiguration.swift */ = {isa = PBXFileReference; fileEncoding = 4; lastKnownFileType = sourcecode.swift; path = ApiDataNetworkConfiguration.swift; sourceTree = "<group>"; };
		9050100B29C555C800F017FF /* Requestable.swift */ = {isa = PBXFileReference; fileEncoding = 4; lastKnownFileType = sourcecode.swift; path = Requestable.swift; sourceTree = "<group>"; };
		9050100C29C555C800F017FF /* Endpoint.swift */ = {isa = PBXFileReference; fileEncoding = 4; lastKnownFileType = sourcecode.swift; path = Endpoint.swift; sourceTree = "<group>"; };
		9050100D29C555C800F017FF /* ResponseDecoder.swift */ = {isa = PBXFileReference; fileEncoding = 4; lastKnownFileType = sourcecode.swift; path = ResponseDecoder.swift; sourceTree = "<group>"; };
		9050101329C555D900F017FF /* DataTransferError.swift */ = {isa = PBXFileReference; fileEncoding = 4; lastKnownFileType = sourcecode.swift; path = DataTransferError.swift; sourceTree = "<group>"; };
		9050101429C555D900F017FF /* NetworkError.swift */ = {isa = PBXFileReference; fileEncoding = 4; lastKnownFileType = sourcecode.swift; path = NetworkError.swift; sourceTree = "<group>"; };
		9050101729C555E000F017FF /* AnyCancelTaskBag.swift */ = {isa = PBXFileReference; fileEncoding = 4; lastKnownFileType = sourcecode.swift; path = AnyCancelTaskBag.swift; sourceTree = "<group>"; };
		9050101829C555E000F017FF /* AnyCancellableTask.swift */ = {isa = PBXFileReference; fileEncoding = 4; lastKnownFileType = sourcecode.swift; path = AnyCancellableTask.swift; sourceTree = "<group>"; };
		9050101929C555E000F017FF /* AlertControllerBulider.swift */ = {isa = PBXFileReference; fileEncoding = 4; lastKnownFileType = sourcecode.swift; path = AlertControllerBulider.swift; sourceTree = "<group>"; };
		9050101A29C555E000F017FF /* ConnectionError.swift */ = {isa = PBXFileReference; fileEncoding = 4; lastKnownFileType = sourcecode.swift; path = ConnectionError.swift; sourceTree = "<group>"; };
		9050101F29C55DF800F017FF /* AppConfiguration.swift */ = {isa = PBXFileReference; lastKnownFileType = sourcecode.swift; path = AppConfiguration.swift; sourceTree = "<group>"; };
		9050102129C55E9D00F017FF /* AppFlowCoordinator.swift */ = {isa = PBXFileReference; lastKnownFileType = sourcecode.swift; path = AppFlowCoordinator.swift; sourceTree = "<group>"; };
		9050102729C55F0700F017FF /* AppStoreMainFlowCoordinator.swift */ = {isa = PBXFileReference; lastKnownFileType = sourcecode.swift; path = AppStoreMainFlowCoordinator.swift; sourceTree = "<group>"; };
		9050103029C560D200F017FF /* EmptyViewController.swift */ = {isa = PBXFileReference; lastKnownFileType = sourcecode.swift; path = EmptyViewController.swift; sourceTree = "<group>"; };
		9050103329C5621400F017FF /* RecentSearchViewController.swift */ = {isa = PBXFileReference; lastKnownFileType = sourcecode.swift; path = RecentSearchViewController.swift; sourceTree = "<group>"; };
		9050103829C5625300F017FF /* RecentSearchViewModelActions.swift */ = {isa = PBXFileReference; lastKnownFileType = sourcecode.swift; path = RecentSearchViewModelActions.swift; sourceTree = "<group>"; };
		9050103B29C5639700F017FF /* AppDIContainer.swift */ = {isa = PBXFileReference; lastKnownFileType = sourcecode.swift; path = AppDIContainer.swift; sourceTree = "<group>"; };
		9050103D29C563E500F017FF /* AppStoreSceneDIContainer.swift */ = {isa = PBXFileReference; lastKnownFileType = sourcecode.swift; path = AppStoreSceneDIContainer.swift; sourceTree = "<group>"; };
		9050103F29C57B8500F017FF /* DataTransferService.swift */ = {isa = PBXFileReference; lastKnownFileType = sourcecode.swift; path = DataTransferService.swift; sourceTree = "<group>"; };
		9050104129C57BBF00F017FF /* NetworkService.swift */ = {isa = PBXFileReference; lastKnownFileType = sourcecode.swift; path = NetworkService.swift; sourceTree = "<group>"; };
		9050104329C57BD400F017FF /* NetworkSessionManager.swift */ = {isa = PBXFileReference; lastKnownFileType = sourcecode.swift; path = NetworkSessionManager.swift; sourceTree = "<group>"; };
		9050104529C5989000F017FF /* TabBarModuleBuilder.swift */ = {isa = PBXFileReference; lastKnownFileType = sourcecode.swift; path = TabBarModuleBuilder.swift; sourceTree = "<group>"; };
		9050104729C598AF00F017FF /* TabBarRouter.swift */ = {isa = PBXFileReference; lastKnownFileType = sourcecode.swift; path = TabBarRouter.swift; sourceTree = "<group>"; };
/* End PBXFileReference section */

/* Begin PBXFrameworksBuildPhase section */
		90500FC629C53E4200F017FF /* Frameworks */ = {
			isa = PBXFrameworksBuildPhase;
			buildActionMask = 2147483647;
			files = (
			);
			runOnlyForDeploymentPostprocessing = 0;
		};
/* End PBXFrameworksBuildPhase section */

/* Begin PBXGroup section */
		90500FC029C53E4200F017FF = {
			isa = PBXGroup;
			children = (
				90500FCB29C53E4200F017FF /* KakaoBankSubject */,
				90500FCA29C53E4200F017FF /* Products */,
			);
			sourceTree = "<group>";
		};
		90500FCA29C53E4200F017FF /* Products */ = {
			isa = PBXGroup;
			children = (
				90500FC929C53E4200F017FF /* KakaoBankSubject.app */,
			);
			name = Products;
			sourceTree = "<group>";
		};
		90500FCB29C53E4200F017FF /* KakaoBankSubject */ = {
			isa = PBXGroup;
			children = (
				90500FE129C54F5400F017FF /* Application */,
				90500FE229C54F5E00F017FF /* Presentation */,
				90500FE429C54F7600F017FF /* Domain */,
				90500FE329C54F6A00F017FF /* Data */,
				90500FE529C54F9200F017FF /* Infrastructure */,
				90500FFF29C553F200F017FF /* Common */,
				90500FE029C54F2C00F017FF /* Resources */,
			);
			path = KakaoBankSubject;
			sourceTree = "<group>";
		};
		90500FE029C54F2C00F017FF /* Resources */ = {
			isa = PBXGroup;
			children = (
				90500FD529C53E4300F017FF /* Assets.xcassets */,
				90500FD729C53E4300F017FF /* LaunchScreen.storyboard */,
				90500FDA29C53E4300F017FF /* Info.plist */,
			);
			path = Resources;
			sourceTree = "<group>";
		};
		90500FE129C54F5400F017FF /* Application */ = {
			isa = PBXGroup;
			children = (
				90500FCC29C53E4200F017FF /* AppDelegate.swift */,
				90500FCE29C53E4200F017FF /* SceneDelegate.swift */,
				9050101F29C55DF800F017FF /* AppConfiguration.swift */,
				9050102129C55E9D00F017FF /* AppFlowCoordinator.swift */,
				9050103A29C5638E00F017FF /* DIContainer */,
			);
			path = Application;
			sourceTree = "<group>";
		};
		90500FE229C54F5E00F017FF /* Presentation */ = {
			isa = PBXGroup;
			children = (
				9050102529C55ED400F017FF /* AppStoreScene */,
			);
			path = Presentation;
			sourceTree = "<group>";
		};
		90500FE329C54F6A00F017FF /* Data */ = {
			isa = PBXGroup;
			children = (
			);
			path = Data;
			sourceTree = "<group>";
		};
		90500FE429C54F7600F017FF /* Domain */ = {
			isa = PBXGroup;
			children = (
			);
			path = Domain;
			sourceTree = "<group>";
		};
		90500FE529C54F9200F017FF /* Infrastructure */ = {
			isa = PBXGroup;
			children = (
				90500FE829C5514D00F017FF /* Network */,
			);
			path = Infrastructure;
			sourceTree = "<group>";
		};
		90500FE829C5514D00F017FF /* Network */ = {
			isa = PBXGroup;
			children = (
				9050103F29C57B8500F017FF /* DataTransferService.swift */,
				9050104129C57BBF00F017FF /* NetworkService.swift */,
				9050104329C57BD400F017FF /* NetworkSessionManager.swift */,
				90500FED29C551D800F017FF /* Endpoint */,
				90500FFA29C553A300F017FF /* Error */,
			);
			path = Network;
			sourceTree = "<group>";
		};
		90500FED29C551D800F017FF /* Endpoint */ = {
			isa = PBXGroup;
			children = (
				9050100C29C555C800F017FF /* Endpoint.swift */,
				9050100A29C555C800F017FF /* ApiDataNetworkConfiguration.swift */,
				9050100929C555C800F017FF /* BodyEncoding.swift */,
				9050100B29C555C800F017FF /* Requestable.swift */,
				9050100D29C555C800F017FF /* ResponseDecoder.swift */,
				90500FEE29C551DD00F017FF /* HTTPMethod.swift */,
			);
			path = Endpoint;
			sourceTree = "<group>";
		};
		90500FFA29C553A300F017FF /* Error */ = {
			isa = PBXGroup;
			children = (
				9050101329C555D900F017FF /* DataTransferError.swift */,
				9050101429C555D900F017FF /* NetworkError.swift */,
			);
			path = Error;
			sourceTree = "<group>";
		};
		90500FFF29C553F200F017FF /* Common */ = {
			isa = PBXGroup;
			children = (
				9050101929C555E000F017FF /* AlertControllerBulider.swift */,
				9050101829C555E000F017FF /* AnyCancellableTask.swift */,
				9050101729C555E000F017FF /* AnyCancelTaskBag.swift */,
				9050101A29C555E000F017FF /* ConnectionError.swift */,
			);
			path = Common;
			sourceTree = "<group>";
		};
		9050102529C55ED400F017FF /* AppStoreScene */ = {
			isa = PBXGroup;
			children = (
				9050102629C55EEC00F017FF /* Flow */,
				9050102729C55F0700F017FF /* AppStoreMainFlowCoordinator.swift */,
				9050102929C55F9600F017FF /* TabBar */,
				9050103229C5616D00F017FF /* RecentSearch */,
				9050102F29C560B700F017FF /* Empty */,
			);
			path = AppStoreScene;
			sourceTree = "<group>";
		};
		9050102629C55EEC00F017FF /* Flow */ = {
			isa = PBXGroup;
			children = (
			);
			path = Flow;
			sourceTree = "<group>";
		};
		9050102929C55F9600F017FF /* TabBar */ = {
			isa = PBXGroup;
			children = (
				90500FD029C53E4200F017FF /* MainTabBarViewController.swift */,
				9050104529C5989000F017FF /* TabBarModuleBuilder.swift */,
				9050104729C598AF00F017FF /* TabBarRouter.swift */,
			);
			path = TabBar;
			sourceTree = "<group>";
		};
		9050102F29C560B700F017FF /* Empty */ = {
			isa = PBXGroup;
			children = (
				9050103029C560D200F017FF /* EmptyViewController.swift */,
			);
			path = Empty;
			sourceTree = "<group>";
		};
		9050103229C5616D00F017FF /* RecentSearch */ = {
			isa = PBXGroup;
			children = (
				9050103529C5622600F017FF /* Actions */,
				9050103629C5622B00F017FF /* ViewModel */,
				9050103729C5623300F017FF /* View */,
				9050103329C5621400F017FF /* RecentSearchViewController.swift */,
			);
			path = RecentSearch;
			sourceTree = "<group>";
		};
		9050103529C5622600F017FF /* Actions */ = {
			isa = PBXGroup;
			children = (
				9050103829C5625300F017FF /* RecentSearchViewModelActions.swift */,
			);
			path = Actions;
			sourceTree = "<group>";
		};
		9050103629C5622B00F017FF /* ViewModel */ = {
			isa = PBXGroup;
			children = (
			);
			path = ViewModel;
			sourceTree = "<group>";
		};
		9050103729C5623300F017FF /* View */ = {
			isa = PBXGroup;
			children = (
			);
			path = View;
			sourceTree = "<group>";
		};
		9050103A29C5638E00F017FF /* DIContainer */ = {
			isa = PBXGroup;
			children = (
				9050103B29C5639700F017FF /* AppDIContainer.swift */,
				9050103D29C563E500F017FF /* AppStoreSceneDIContainer.swift */,
			);
			path = DIContainer;
			sourceTree = "<group>";
		};
/* End PBXGroup section */

/* Begin PBXNativeTarget section */
		90500FC829C53E4200F017FF /* KakaoBankSubject */ = {
			isa = PBXNativeTarget;
			buildConfigurationList = 90500FDD29C53E4300F017FF /* Build configuration list for PBXNativeTarget "KakaoBankSubject" */;
			buildPhases = (
				90500FC529C53E4200F017FF /* Sources */,
				90500FC629C53E4200F017FF /* Frameworks */,
				90500FC729C53E4200F017FF /* Resources */,
			);
			buildRules = (
			);
			dependencies = (
			);
			name = KakaoBankSubject;
			productName = KakaoBankSubject;
			productReference = 90500FC929C53E4200F017FF /* KakaoBankSubject.app */;
			productType = "com.apple.product-type.application";
		};
/* End PBXNativeTarget section */

/* Begin PBXProject section */
		90500FC129C53E4200F017FF /* Project object */ = {
			isa = PBXProject;
			attributes = {
				BuildIndependentTargetsInParallel = 1;
				LastSwiftUpdateCheck = 1420;
				LastUpgradeCheck = 1420;
				TargetAttributes = {
					90500FC829C53E4200F017FF = {
						CreatedOnToolsVersion = 14.2;
					};
				};
			};
			buildConfigurationList = 90500FC429C53E4200F017FF /* Build configuration list for PBXProject "KakaoBankSubject" */;
			compatibilityVersion = "Xcode 14.0";
			developmentRegion = en;
			hasScannedForEncodings = 0;
			knownRegions = (
				en,
				Base,
			);
			mainGroup = 90500FC029C53E4200F017FF;
			productRefGroup = 90500FCA29C53E4200F017FF /* Products */;
			projectDirPath = "";
			projectRoot = "";
			targets = (
				90500FC829C53E4200F017FF /* KakaoBankSubject */,
			);
		};
/* End PBXProject section */

/* Begin PBXResourcesBuildPhase section */
		90500FC729C53E4200F017FF /* Resources */ = {
			isa = PBXResourcesBuildPhase;
			buildActionMask = 2147483647;
			files = (
				90500FD929C53E4300F017FF /* LaunchScreen.storyboard in Resources */,
				90500FD629C53E4300F017FF /* Assets.xcassets in Resources */,
			);
			runOnlyForDeploymentPostprocessing = 0;
		};
/* End PBXResourcesBuildPhase section */

/* Begin PBXSourcesBuildPhase section */
		90500FC529C53E4200F017FF /* Sources */ = {
			isa = PBXSourcesBuildPhase;
			buildActionMask = 2147483647;
			files = (
				9050101629C555D900F017FF /* NetworkError.swift in Sources */,
				90500FD129C53E4200F017FF /* MainTabBarViewController.swift in Sources */,
				9050103129C560D200F017FF /* EmptyViewController.swift in Sources */,
				9050101E29C555E000F017FF /* ConnectionError.swift in Sources */,
				9050100E29C555C800F017FF /* BodyEncoding.swift in Sources */,
				9050101029C555C800F017FF /* Requestable.swift in Sources */,
				9050100F29C555C800F017FF /* ApiDataNetworkConfiguration.swift in Sources */,
				90500FCD29C53E4200F017FF /* AppDelegate.swift in Sources */,
				9050104429C57BD400F017FF /* NetworkSessionManager.swift in Sources */,
				9050101D29C555E000F017FF /* AlertControllerBulider.swift in Sources */,
				9050101129C555C800F017FF /* Endpoint.swift in Sources */,
				9050103929C5625300F017FF /* RecentSearchViewModelActions.swift in Sources */,
				9050101C29C555E000F017FF /* AnyCancellableTask.swift in Sources */,
				9050102229C55E9D00F017FF /* AppFlowCoordinator.swift in Sources */,
				9050102029C55DF800F017FF /* AppConfiguration.swift in Sources */,
				90500FF129C5524300F017FF /* HTTPMethod.swift in Sources */,
				9050103C29C5639700F017FF /* AppDIContainer.swift in Sources */,
				9050101B29C555E000F017FF /* AnyCancelTaskBag.swift in Sources */,
				9050101529C555D900F017FF /* DataTransferError.swift in Sources */,
				9050104029C57B8500F017FF /* DataTransferService.swift in Sources */,
				90500FCF29C53E4200F017FF /* SceneDelegate.swift in Sources */,
				9050102829C55F0700F017FF /* AppStoreMainFlowCoordinator.swift in Sources */,
				9050103E29C563E500F017FF /* AppStoreSceneDIContainer.swift in Sources */,
				9050103429C5621400F017FF /* RecentSearchViewController.swift in Sources */,
				9050104829C598AF00F017FF /* TabBarRouter.swift in Sources */,
				9050104629C5989000F017FF /* TabBarModuleBuilder.swift in Sources */,
				9050104229C57BBF00F017FF /* NetworkService.swift in Sources */,
				9050101229C555C800F017FF /* ResponseDecoder.swift in Sources */,
			);
			runOnlyForDeploymentPostprocessing = 0;
		};
/* End PBXSourcesBuildPhase section */

/* Begin PBXVariantGroup section */
		90500FD729C53E4300F017FF /* LaunchScreen.storyboard */ = {
			isa = PBXVariantGroup;
			children = (
				90500FD829C53E4300F017FF /* Base */,
			);
			name = LaunchScreen.storyboard;
			sourceTree = "<group>";
		};
/* End PBXVariantGroup section */

/* Begin XCBuildConfiguration section */
		90500FDB29C53E4300F017FF /* Debug */ = {
			isa = XCBuildConfiguration;
			buildSettings = {
				ALWAYS_SEARCH_USER_PATHS = NO;
				API_BaseURL = "https://itunes.apple.com";
				CLANG_ANALYZER_NONNULL = YES;
				CLANG_ANALYZER_NUMBER_OBJECT_CONVERSION = YES_AGGRESSIVE;
				CLANG_CXX_LANGUAGE_STANDARD = "gnu++20";
				CLANG_ENABLE_MODULES = YES;
				CLANG_ENABLE_OBJC_ARC = YES;
				CLANG_ENABLE_OBJC_WEAK = YES;
				CLANG_WARN_BLOCK_CAPTURE_AUTORELEASING = YES;
				CLANG_WARN_BOOL_CONVERSION = YES;
				CLANG_WARN_COMMA = YES;
				CLANG_WARN_CONSTANT_CONVERSION = YES;
				CLANG_WARN_DEPRECATED_OBJC_IMPLEMENTATIONS = YES;
				CLANG_WARN_DIRECT_OBJC_ISA_USAGE = YES_ERROR;
				CLANG_WARN_DOCUMENTATION_COMMENTS = YES;
				CLANG_WARN_EMPTY_BODY = YES;
				CLANG_WARN_ENUM_CONVERSION = YES;
				CLANG_WARN_INFINITE_RECURSION = YES;
				CLANG_WARN_INT_CONVERSION = YES;
				CLANG_WARN_NON_LITERAL_NULL_CONVERSION = YES;
				CLANG_WARN_OBJC_IMPLICIT_RETAIN_SELF = YES;
				CLANG_WARN_OBJC_LITERAL_CONVERSION = YES;
				CLANG_WARN_OBJC_ROOT_CLASS = YES_ERROR;
				CLANG_WARN_QUOTED_INCLUDE_IN_FRAMEWORK_HEADER = YES;
				CLANG_WARN_RANGE_LOOP_ANALYSIS = YES;
				CLANG_WARN_STRICT_PROTOTYPES = YES;
				CLANG_WARN_SUSPICIOUS_MOVE = YES;
				CLANG_WARN_UNGUARDED_AVAILABILITY = YES_AGGRESSIVE;
				CLANG_WARN_UNREACHABLE_CODE = YES;
				CLANG_WARN__DUPLICATE_METHOD_MATCH = YES;
				COPY_PHASE_STRIP = NO;
				DEBUG_INFORMATION_FORMAT = dwarf;
				ENABLE_STRICT_OBJC_MSGSEND = YES;
				ENABLE_TESTABILITY = YES;
				GCC_C_LANGUAGE_STANDARD = gnu11;
				GCC_DYNAMIC_NO_PIC = NO;
				GCC_NO_COMMON_BLOCKS = YES;
				GCC_OPTIMIZATION_LEVEL = 0;
				GCC_PREPROCESSOR_DEFINITIONS = (
					"DEBUG=1",
					"$(inherited)",
				);
				GCC_WARN_64_TO_32_BIT_CONVERSION = YES;
				GCC_WARN_ABOUT_RETURN_TYPE = YES_ERROR;
				GCC_WARN_UNDECLARED_SELECTOR = YES;
				GCC_WARN_UNINITIALIZED_AUTOS = YES_AGGRESSIVE;
				GCC_WARN_UNUSED_FUNCTION = YES;
				GCC_WARN_UNUSED_VARIABLE = YES;
				IPHONEOS_DEPLOYMENT_TARGET = 13.0;
				MTL_ENABLE_DEBUG_INFO = INCLUDE_SOURCE;
				MTL_FAST_MATH = YES;
				ONLY_ACTIVE_ARCH = YES;
				SDKROOT = iphoneos;
				SWIFT_ACTIVE_COMPILATION_CONDITIONS = DEBUG;
				SWIFT_OPTIMIZATION_LEVEL = "-Onone";
			};
			name = Debug;
		};
		90500FDC29C53E4300F017FF /* Release */ = {
			isa = XCBuildConfiguration;
			buildSettings = {
				ALWAYS_SEARCH_USER_PATHS = NO;
				API_BaseURL = "https://itunes.apple.com";
				CLANG_ANALYZER_NONNULL = YES;
				CLANG_ANALYZER_NUMBER_OBJECT_CONVERSION = YES_AGGRESSIVE;
				CLANG_CXX_LANGUAGE_STANDARD = "gnu++20";
				CLANG_ENABLE_MODULES = YES;
				CLANG_ENABLE_OBJC_ARC = YES;
				CLANG_ENABLE_OBJC_WEAK = YES;
				CLANG_WARN_BLOCK_CAPTURE_AUTORELEASING = YES;
				CLANG_WARN_BOOL_CONVERSION = YES;
				CLANG_WARN_COMMA = YES;
				CLANG_WARN_CONSTANT_CONVERSION = YES;
				CLANG_WARN_DEPRECATED_OBJC_IMPLEMENTATIONS = YES;
				CLANG_WARN_DIRECT_OBJC_ISA_USAGE = YES_ERROR;
				CLANG_WARN_DOCUMENTATION_COMMENTS = YES;
				CLANG_WARN_EMPTY_BODY = YES;
				CLANG_WARN_ENUM_CONVERSION = YES;
				CLANG_WARN_INFINITE_RECURSION = YES;
				CLANG_WARN_INT_CONVERSION = YES;
				CLANG_WARN_NON_LITERAL_NULL_CONVERSION = YES;
				CLANG_WARN_OBJC_IMPLICIT_RETAIN_SELF = YES;
				CLANG_WARN_OBJC_LITERAL_CONVERSION = YES;
				CLANG_WARN_OBJC_ROOT_CLASS = YES_ERROR;
				CLANG_WARN_QUOTED_INCLUDE_IN_FRAMEWORK_HEADER = YES;
				CLANG_WARN_RANGE_LOOP_ANALYSIS = YES;
				CLANG_WARN_STRICT_PROTOTYPES = YES;
				CLANG_WARN_SUSPICIOUS_MOVE = YES;
				CLANG_WARN_UNGUARDED_AVAILABILITY = YES_AGGRESSIVE;
				CLANG_WARN_UNREACHABLE_CODE = YES;
				CLANG_WARN__DUPLICATE_METHOD_MATCH = YES;
				COPY_PHASE_STRIP = NO;
				DEBUG_INFORMATION_FORMAT = "dwarf-with-dsym";
				ENABLE_NS_ASSERTIONS = NO;
				ENABLE_STRICT_OBJC_MSGSEND = YES;
				GCC_C_LANGUAGE_STANDARD = gnu11;
				GCC_NO_COMMON_BLOCKS = YES;
				GCC_WARN_64_TO_32_BIT_CONVERSION = YES;
				GCC_WARN_ABOUT_RETURN_TYPE = YES_ERROR;
				GCC_WARN_UNDECLARED_SELECTOR = YES;
				GCC_WARN_UNINITIALIZED_AUTOS = YES_AGGRESSIVE;
				GCC_WARN_UNUSED_FUNCTION = YES;
				GCC_WARN_UNUSED_VARIABLE = YES;
				IPHONEOS_DEPLOYMENT_TARGET = 13.0;
				MTL_ENABLE_DEBUG_INFO = NO;
				MTL_FAST_MATH = YES;
				SDKROOT = iphoneos;
				SWIFT_COMPILATION_MODE = wholemodule;
				SWIFT_OPTIMIZATION_LEVEL = "-O";
				VALIDATE_PRODUCT = YES;
			};
			name = Release;
		};
		90500FDE29C53E4300F017FF /* Debug */ = {
			isa = XCBuildConfiguration;
			buildSettings = {
				API_BaseURL = "https://itunes.apple.com";
				ASSETCATALOG_COMPILER_APPICON_NAME = AppIcon;
				ASSETCATALOG_COMPILER_GLOBAL_ACCENT_COLOR_NAME = AccentColor;
				CODE_SIGN_STYLE = Automatic;
				CURRENT_PROJECT_VERSION = 1;
				DEVELOPMENT_TEAM = GDKDK6KP5Z;
				GENERATE_INFOPLIST_FILE = YES;
				INFOPLIST_FILE = KakaoBankSubject/Resources/Info.plist;
				INFOPLIST_KEY_UIApplicationSupportsIndirectInputEvents = YES;
				INFOPLIST_KEY_UILaunchStoryboardName = LaunchScreen;
				INFOPLIST_KEY_UISupportedInterfaceOrientations_iPad = "UIInterfaceOrientationPortrait UIInterfaceOrientationPortraitUpsideDown UIInterfaceOrientationLandscapeLeft UIInterfaceOrientationLandscapeRight";
				INFOPLIST_KEY_UISupportedInterfaceOrientations_iPhone = "UIInterfaceOrientationPortrait UIInterfaceOrientationLandscapeLeft UIInterfaceOrientationLandscapeRight";
				IPHONEOS_DEPLOYMENT_TARGET = 13.0;
				LD_RUNPATH_SEARCH_PATHS = (
					"$(inherited)",
					"@executable_path/Frameworks",
				);
				MARKETING_VERSION = 1.0;
				PRODUCT_BUNDLE_IDENTIFIER = com.KakaoBankSubject;
				PRODUCT_NAME = "$(TARGET_NAME)";
				SWIFT_EMIT_LOC_STRINGS = YES;
				SWIFT_VERSION = 5.0;
				TARGETED_DEVICE_FAMILY = "1,2";
			};
			name = Debug;
		};
		90500FDF29C53E4300F017FF /* Release */ = {
			isa = XCBuildConfiguration;
			buildSettings = {
				API_BaseURL = "https://itunes.apple.com";
				ASSETCATALOG_COMPILER_APPICON_NAME = AppIcon;
				ASSETCATALOG_COMPILER_GLOBAL_ACCENT_COLOR_NAME = AccentColor;
				CODE_SIGN_STYLE = Automatic;
				CURRENT_PROJECT_VERSION = 1;
				DEVELOPMENT_TEAM = GDKDK6KP5Z;
				GENERATE_INFOPLIST_FILE = YES;
				INFOPLIST_FILE = KakaoBankSubject/Resources/Info.plist;
				INFOPLIST_KEY_UIApplicationSupportsIndirectInputEvents = YES;
				INFOPLIST_KEY_UILaunchStoryboardName = LaunchScreen;
				INFOPLIST_KEY_UISupportedInterfaceOrientations_iPad = "UIInterfaceOrientationPortrait UIInterfaceOrientationPortraitUpsideDown UIInterfaceOrientationLandscapeLeft UIInterfaceOrientationLandscapeRight";
				INFOPLIST_KEY_UISupportedInterfaceOrientations_iPhone = "UIInterfaceOrientationPortrait UIInterfaceOrientationLandscapeLeft UIInterfaceOrientationLandscapeRight";
				IPHONEOS_DEPLOYMENT_TARGET = 13.0;
				LD_RUNPATH_SEARCH_PATHS = (
					"$(inherited)",
					"@executable_path/Frameworks",
				);
				MARKETING_VERSION = 1.0;
				PRODUCT_BUNDLE_IDENTIFIER = com.KakaoBankSubject;
				PRODUCT_NAME = "$(TARGET_NAME)";
				SWIFT_EMIT_LOC_STRINGS = YES;
				SWIFT_VERSION = 5.0;
				TARGETED_DEVICE_FAMILY = "1,2";
			};
			name = Release;
		};
/* End XCBuildConfiguration section */

/* Begin XCConfigurationList section */
		90500FC429C53E4200F017FF /* Build configuration list for PBXProject "KakaoBankSubject" */ = {
			isa = XCConfigurationList;
			buildConfigurations = (
				90500FDB29C53E4300F017FF /* Debug */,
				90500FDC29C53E4300F017FF /* Release */,
			);
			defaultConfigurationIsVisible = 0;
			defaultConfigurationName = Release;
		};
		90500FDD29C53E4300F017FF /* Build configuration list for PBXNativeTarget "KakaoBankSubject" */ = {
			isa = XCConfigurationList;
			buildConfigurations = (
				90500FDE29C53E4300F017FF /* Debug */,
				90500FDF29C53E4300F017FF /* Release */,
			);
			defaultConfigurationIsVisible = 0;
			defaultConfigurationName = Release;
		};
/* End XCConfigurationList section */
	};
	rootObject = 90500FC129C53E4200F017FF /* Project object */;
}
